// !$*UTF8*$!
{
	archiveVersion = 1;
	classes = {
	};
	objectVersion = 100;
	objects = {

/* Begin PBXBuildFile section */
		F30AD1CA2ADEFB4E0080E879 /* Sorting.swift in Sources */ = {isa = PBXBuildFile; fileRef = F30AD1C92ADEFB4E0080E879 /* Sorting.swift */; };
		F30AD1CC2ADEFC300080E879 /* ScrechKit in Frameworks */ = {isa = PBXBuildFile; productRef = F30AD1CB2ADEFC300080E879 /* ScrechKit */; };
		F30F208D2B6D076900D95589 /* RealityKitContent in Frameworks */ = {isa = PBXBuildFile; productRef = F30F208C2B6D076900D95589 /* RealityKitContent */; };
		F30F208F2B6D076900D95589 /* visionOS App.swift in Sources */ = {isa = PBXBuildFile; fileRef = F30F208E2B6D076900D95589 /* visionOS App.swift */; };
		F30F20912B6D076900D95589 /* Home View.swift in Sources */ = {isa = PBXBuildFile; fileRef = F30F20902B6D076900D95589 /* Home View.swift */; };
		F30F20932B6D076A00D95589 /* Assets.xcassets in Resources */ = {isa = PBXBuildFile; fileRef = F30F20922B6D076A00D95589 /* Assets.xcassets */; };
		F34D5BB42ADC4C8700EA8EA9 /* ScrechKit in Frameworks */ = {isa = PBXBuildFile; productRef = F34D5BB32ADC4C8700EA8EA9 /* ScrechKit */; };
		F37B907C2BFEA0A300597624 /* Http Code Card.swift in Sources */ = {isa = PBXBuildFile; fileRef = F37B907B2BFEA0A300597624 /* Http Code Card.swift */; };
		F37B907E2BFEA0BB00597624 /* Settings Storage.swift in Sources */ = {isa = PBXBuildFile; fileRef = F37B907D2BFEA0BB00597624 /* Settings Storage.swift */; };
		F37B90802BFEA0C600597624 /* Debug View.swift in Sources */ = {isa = PBXBuildFile; fileRef = F37B907F2BFEA0C600597624 /* Debug View.swift */; };
		F37B90822BFEA0D300597624 /* Text File.swift in Sources */ = {isa = PBXBuildFile; fileRef = F37B90812BFEA0D300597624 /* Text File.swift */; };
		F37B90842BFEA0E700597624 /* Pasteboard Card.swift in Sources */ = {isa = PBXBuildFile; fileRef = F37B90832BFEA0E700597624 /* Pasteboard Card.swift */; };
		F37B90882BFEA0FF00597624 /* View Container.swift in Sources */ = {isa = PBXBuildFile; fileRef = F37B90852BFEA0FF00597624 /* View Container.swift */; };
		F37B90892BFEA0FF00597624 /* Note List.swift in Sources */ = {isa = PBXBuildFile; fileRef = F37B90862BFEA0FF00597624 /* Note List.swift */; };
		F37B908A2BFEA0FF00597624 /* Note Card.swift in Sources */ = {isa = PBXBuildFile; fileRef = F37B90872BFEA0FF00597624 /* Note Card.swift */; };
		F3865BEE2BBA2A31005E82D4 /* APDU.swift in Sources */ = {isa = PBXBuildFile; fileRef = F3865BED2BBA2A31005E82D4 /* APDU.swift */; };
		F388900D2B6D624D008597DF /* Note List.swift in Sources */ = {isa = PBXBuildFile; fileRef = F388900C2B6D624D008597DF /* Note List.swift */; };
		F388900E2B6D624D008597DF /* Note Card.swift in Sources */ = {isa = PBXBuildFile; fileRef = F388900B2B6D624D008597DF /* Note Card.swift */; };
		F39504F32AC0B21400B50018 /* YouTubeKit in Frameworks */ = {isa = PBXBuildFile; productRef = F39504F22AC0B21400B50018 /* YouTubeKit */; };
		F39FF5882AE4819C00D77D98 /* SwiftOTP in Frameworks */ = {isa = PBXBuildFile; productRef = F39FF5872AE4819C00D77D98 /* SwiftOTP */; };
		F3A1F4452AD83D9200C85355 /* SafariCover in Frameworks */ = {isa = PBXBuildFile; productRef = F3A1F4442AD83D9200C85355 /* SafariCover */; };
		F3A1F47A2AD92EEC00C85355 /* Stopwatch View.swift in Sources */ = {isa = PBXBuildFile; fileRef = F3A1F4792AD92EEC00C85355 /* Stopwatch View.swift */; };
		F3A1F47C2AD92F0400C85355 /* Home View.swift in Sources */ = {isa = PBXBuildFile; fileRef = F3A1F47B2AD92F0400C85355 /* Home View.swift */; };
		F3A1F4802AD9304600C85355 /* Stopwatch Button.swift in Sources */ = {isa = PBXBuildFile; fileRef = F3A1F47F2AD9304600C85355 /* Stopwatch Button.swift */; };
		F3A1F4882AD934C200C85355 /* Nav Destinations Watch.swift in Sources */ = {isa = PBXBuildFile; fileRef = F3A1F4862AD934C200C85355 /* Nav Destinations Watch.swift */; };
		F3A1F4892AD934C200C85355 /* Nav Extension Watch.swift in Sources */ = {isa = PBXBuildFile; fileRef = F3A1F4872AD934C200C85355 /* Nav Extension Watch.swift */; };
		F3A43DB12AE3B64F0072F7FA /* AlertKit in Frameworks */ = {isa = PBXBuildFile; productRef = F3A43DB02AE3B64F0072F7FA /* AlertKit */; };
		F3A843752B8C0BB40068AC2A /* Assets.xcassets in Resources */ = {isa = PBXBuildFile; fileRef = F3A843742B8C0BB40068AC2A /* Assets.xcassets */; };
		F3A843842B8C0BF60068AC2A /* Menu Bar Extra View.swift in Sources */ = {isa = PBXBuildFile; fileRef = F3A8437E2B8C0BF60068AC2A /* Menu Bar Extra View.swift */; };
		F3A843852B8C0BF60068AC2A /* Pasteboard List.swift in Sources */ = {isa = PBXBuildFile; fileRef = F3A8437F2B8C0BF60068AC2A /* Pasteboard List.swift */; };
		F3A843862B8C0BF60068AC2A /* Menu App.swift in Sources */ = {isa = PBXBuildFile; fileRef = F3A843802B8C0BF60068AC2A /* Menu App.swift */; };
		F3A843872B8C0BF60068AC2A /* App Delegate.swift in Sources */ = {isa = PBXBuildFile; fileRef = F3A843812B8C0BF60068AC2A /* App Delegate.swift */; };
		F3A843882B8C0BF60068AC2A /* Pasteboard VM.swift in Sources */ = {isa = PBXBuildFile; fileRef = F3A843822B8C0BF60068AC2A /* Pasteboard VM.swift */; };
		F3A843892B8C0BF60068AC2A /* Pasteboard Item.swift in Sources */ = {isa = PBXBuildFile; fileRef = F3A843832B8C0BF60068AC2A /* Pasteboard Item.swift */; };
		F3A8438E2B8C0C650068AC2A /* App Container.swift in Sources */ = {isa = PBXBuildFile; fileRef = F3A8438D2B8C0C5B0068AC2A /* App Container.swift */; };
		F3A843922B8C14C90068AC2A /* ScrechKit in Frameworks */ = {isa = PBXBuildFile; productRef = F3A843912B8C14C90068AC2A /* ScrechKit */; };
		F3A8439A2B8C17C10068AC2A /* Utilitius_LauncherApp.swift in Sources */ = {isa = PBXBuildFile; fileRef = F3A843992B8C17C10068AC2A /* Utilitius_LauncherApp.swift */; };
		F3A8439E2B8C17C20068AC2A /* Assets.xcassets in Resources */ = {isa = PBXBuildFile; fileRef = F3A8439D2B8C17C20068AC2A /* Assets.xcassets */; };
		F3A843A92B8C18830068AC2A /* Utilitius Launcher.app in CopyFiles */ = {isa = PBXBuildFile; fileRef = F3A843972B8C17C10068AC2A /* Utilitius Launcher.app */; settings = {ATTRIBUTES = (RemoveHeadersOnCopy, ); }; };
		F3A843AB2B8C18B80068AC2A /* ServiceManagement.framework in Frameworks */ = {isa = PBXBuildFile; fileRef = F3A843AA2B8C18B80068AC2A /* ServiceManagement.framework */; };
		F3B00C022A96BA0700C20843 /* SwiftSoup in Frameworks */ = {isa = PBXBuildFile; productRef = F3B00C012A96BA0700C20843 /* SwiftSoup */; };
		F3B9BCD12B6E5AEB00527038 /* Http Codes List.swift in Sources */ = {isa = PBXBuildFile; fileRef = F3B9BCCC2B6E59AC00527038 /* Http Codes List.swift */; };
		F3CAABB42A60B9FA000B2495 /* Tests.swift in Sources */ = {isa = PBXBuildFile; fileRef = F3CAABB32A60B9FA000B2495 /* Tests.swift */; };
		F3CAABBE2A60B9FA000B2495 /* UI Tests.swift in Sources */ = {isa = PBXBuildFile; fileRef = F3CAABBD2A60B9FA000B2495 /* UI Tests.swift */; };
		F3CAABC02A60B9FA000B2495 /* Launch Tests.swift in Sources */ = {isa = PBXBuildFile; fileRef = F3CAABBF2A60B9FA000B2495 /* Launch Tests.swift */; };
		F3CAAC072A60BD07000B2495 /* MailCover in Frameworks */ = {isa = PBXBuildFile; productRef = F3CAAC062A60BD07000B2495 /* MailCover */; };
		F3D296162AF3C6A600ED43A0 /* Reminder List.swift in Sources */ = {isa = PBXBuildFile; fileRef = F3D296152AF3C6A600ED43A0 /* Reminder List.swift */; };
		F3D296182AF3C70400ED43A0 /* Reminder Card.swift in Sources */ = {isa = PBXBuildFile; fileRef = F3D296172AF3C70400ED43A0 /* Reminder Card.swift */; };
		F3DAB30F2AD96D5F00B8462C /* Stopwatch Parent.swift in Sources */ = {isa = PBXBuildFile; fileRef = F3DAB30E2AD96D5F00B8462C /* Stopwatch Parent.swift */; };
		F3DAB3112AD96E4600B8462C /* Stopwatch Laps.swift in Sources */ = {isa = PBXBuildFile; fileRef = F3DAB3102AD96E4600B8462C /* Stopwatch Laps.swift */; };
		F3E1BDF02AEAC5C600E78037 /* SwiftOTP in Frameworks */ = {isa = PBXBuildFile; productRef = F3E1BDEF2AEAC5C600E78037 /* SwiftOTP */; };
		F3E1BDF22AEAC81200E78037 /* ScrechKit in Frameworks */ = {isa = PBXBuildFile; productRef = F3E1BDF12AEAC81200E78037 /* ScrechKit */; };
/* End PBXBuildFile section */

/* Begin PBXContainerItemProxy section */
		F3CAABB02A60B9FA000B2495 /* PBXContainerItemProxy */ = {
			isa = PBXContainerItemProxy;
			containerPortal = F3CAAB932A60B9F7000B2495 /* Project object */;
			proxyType = 1;
			remoteGlobalIDString = F3CAAB9A2A60B9F7000B2495;
			remoteInfo = Utilitius;
		};
		F3CAABBA2A60B9FA000B2495 /* PBXContainerItemProxy */ = {
			isa = PBXContainerItemProxy;
			containerPortal = F3CAAB932A60B9F7000B2495 /* Project object */;
			proxyType = 1;
			remoteGlobalIDString = F3CAAB9A2A60B9F7000B2495;
			remoteInfo = Utilitius;
		};
/* End PBXContainerItemProxy section */

/* Begin PBXCopyFilesBuildPhase section */
		F36B573C2AF466BA0099AF5D /* Embed Watch Content */ = {
			isa = PBXCopyFilesBuildPhase;
			dstPath = "$(CONTENTS_FOLDER_PATH)/Watch";
			dstSubfolder = Product;
			files = (
			);
			name = "Embed Watch Content";
		};
		F3A843A82B8C18730068AC2A /* CopyFiles */ = {
			isa = PBXCopyFilesBuildPhase;
			dstPath = Contents/Library/LoginItems;
			dstSubfolder = Wrapper;
			files = (
				F3A843A92B8C18830068AC2A /* Utilitius Launcher.app in CopyFiles */,
			);
		};
/* End PBXCopyFilesBuildPhase section */

/* Begin PBXFileReference section */
		F30AD1C92ADEFB4E0080E879 /* Sorting.swift */ = {isa = PBXFileReference; lastKnownFileType = sourcecode.swift; path = Sorting.swift; sourceTree = "<group>"; };
		F30F20882B6D076900D95589 /* visionOS.app */ = {isa = PBXFileReference; explicitFileType = wrapper.application; includeInIndex = 0; path = visionOS.app; sourceTree = BUILT_PRODUCTS_DIR; };
		F30F208B2B6D076900D95589 /* RealityKitContent */ = {isa = PBXFileReference; lastKnownFileType = wrapper; path = RealityKitContent; sourceTree = "<group>"; };
		F30F208E2B6D076900D95589 /* visionOS App.swift */ = {isa = PBXFileReference; lastKnownFileType = sourcecode.swift; path = "visionOS App.swift"; sourceTree = "<group>"; };
		F30F20902B6D076900D95589 /* Home View.swift */ = {isa = PBXFileReference; lastKnownFileType = sourcecode.swift; path = "Home View.swift"; sourceTree = "<group>"; };
		F30F20922B6D076A00D95589 /* Assets.xcassets */ = {isa = PBXFileReference; lastKnownFileType = folder.assetcatalog; path = Assets.xcassets; sourceTree = "<group>"; };
		F30F20972B6D076A00D95589 /* Info.plist */ = {isa = PBXFileReference; lastKnownFileType = text.plist.xml; path = Info.plist; sourceTree = "<group>"; };
		F30F209B2B6D07BA00D95589 /* Utilitius visionOS.entitlements */ = {isa = PBXFileReference; lastKnownFileType = text.plist.entitlements; path = "Utilitius visionOS.entitlements"; sourceTree = "<group>"; };
		F30F209F2B6D089C00D95589 /* View Container.swift */ = {isa = PBXFileReference; lastKnownFileType = sourcecode.swift; path = "View Container.swift"; sourceTree = "<group>"; };
		F32F1EEB2ADB43D000633B82 /* Utilitius watchOS.entitlements */ = {isa = PBXFileReference; lastKnownFileType = text.plist.entitlements; path = "Utilitius watchOS.entitlements"; sourceTree = "<group>"; };
		F37B907B2BFEA0A300597624 /* Http Code Card.swift */ = {isa = PBXFileReference; fileEncoding = 4; lastKnownFileType = sourcecode.swift; path = "Http Code Card.swift"; sourceTree = "<group>"; };
		F37B907D2BFEA0BB00597624 /* Settings Storage.swift */ = {isa = PBXFileReference; fileEncoding = 4; lastKnownFileType = sourcecode.swift; path = "Settings Storage.swift"; sourceTree = "<group>"; };
		F37B907F2BFEA0C600597624 /* Debug View.swift */ = {isa = PBXFileReference; fileEncoding = 4; lastKnownFileType = sourcecode.swift; path = "Debug View.swift"; sourceTree = "<group>"; };
		F37B90812BFEA0D300597624 /* Text File.swift */ = {isa = PBXFileReference; fileEncoding = 4; lastKnownFileType = sourcecode.swift; path = "Text File.swift"; sourceTree = "<group>"; };
		F37B90832BFEA0E700597624 /* Pasteboard Card.swift */ = {isa = PBXFileReference; fileEncoding = 4; lastKnownFileType = sourcecode.swift; path = "Pasteboard Card.swift"; sourceTree = "<group>"; };
		F37B90852BFEA0FF00597624 /* View Container.swift */ = {isa = PBXFileReference; fileEncoding = 4; lastKnownFileType = sourcecode.swift; path = "View Container.swift"; sourceTree = "<group>"; };
		F37B90862BFEA0FF00597624 /* Note List.swift */ = {isa = PBXFileReference; fileEncoding = 4; lastKnownFileType = sourcecode.swift; path = "Note List.swift"; sourceTree = "<group>"; };
		F37B90872BFEA0FF00597624 /* Note Card.swift */ = {isa = PBXFileReference; fileEncoding = 4; lastKnownFileType = sourcecode.swift; path = "Note Card.swift"; sourceTree = "<group>"; };
		F3865BED2BBA2A31005E82D4 /* APDU.swift */ = {isa = PBXFileReference; lastKnownFileType = sourcecode.swift; path = APDU.swift; sourceTree = "<group>"; };
		F38890052B6D5ECD008597DF /* Utilitius-watchOS-Info.plist */ = {isa = PBXFileReference; lastKnownFileType = text.plist; path = "Utilitius-watchOS-Info.plist"; sourceTree = SOURCE_ROOT; };
		F388900B2B6D624D008597DF /* Note Card.swift */ = {isa = PBXFileReference; lastKnownFileType = sourcecode.swift; path = "Note Card.swift"; sourceTree = "<group>"; };
		F388900C2B6D624D008597DF /* Note List.swift */ = {isa = PBXFileReference; lastKnownFileType = sourcecode.swift; path = "Note List.swift"; sourceTree = "<group>"; };
		F3A1F4542AD92D2D00C85355 /* watchOS.app */ = {isa = PBXFileReference; explicitFileType = wrapper.application; includeInIndex = 0; path = watchOS.app; sourceTree = BUILT_PRODUCTS_DIR; };
		F3A1F4792AD92EEC00C85355 /* Stopwatch View.swift */ = {isa = PBXFileReference; lastKnownFileType = sourcecode.swift; path = "Stopwatch View.swift"; sourceTree = "<group>"; };
		F3A1F47B2AD92F0400C85355 /* Home View.swift */ = {isa = PBXFileReference; lastKnownFileType = sourcecode.swift; path = "Home View.swift"; sourceTree = "<group>"; };
		F3A1F47F2AD9304600C85355 /* Stopwatch Button.swift */ = {isa = PBXFileReference; lastKnownFileType = sourcecode.swift; path = "Stopwatch Button.swift"; sourceTree = "<group>"; };
		F3A1F4862AD934C200C85355 /* Nav Destinations Watch.swift */ = {isa = PBXFileReference; fileEncoding = 4; lastKnownFileType = sourcecode.swift; path = "Nav Destinations Watch.swift"; sourceTree = "<group>"; };
		F3A1F4872AD934C200C85355 /* Nav Extension Watch.swift */ = {isa = PBXFileReference; fileEncoding = 4; lastKnownFileType = sourcecode.swift; path = "Nav Extension Watch.swift"; sourceTree = "<group>"; };
		F3A8436C2B8C0BB30068AC2A /* macOS.app */ = {isa = PBXFileReference; explicitFileType = wrapper.application; includeInIndex = 0; path = macOS.app; sourceTree = BUILT_PRODUCTS_DIR; };
		F3A843742B8C0BB40068AC2A /* Assets.xcassets */ = {isa = PBXFileReference; lastKnownFileType = folder.assetcatalog; path = Assets.xcassets; sourceTree = "<group>"; };
		F3A843792B8C0BB40068AC2A /* Utilitius_macOS.entitlements */ = {isa = PBXFileReference; lastKnownFileType = text.plist.entitlements; path = Utilitius_macOS.entitlements; sourceTree = "<group>"; };
		F3A8437E2B8C0BF60068AC2A /* Menu Bar Extra View.swift */ = {isa = PBXFileReference; fileEncoding = 4; indentWidth = 4; lastKnownFileType = sourcecode.swift; path = "Menu Bar Extra View.swift"; sourceTree = "<group>"; tabWidth = 4; };
		F3A8437F2B8C0BF60068AC2A /* Pasteboard List.swift */ = {isa = PBXFileReference; fileEncoding = 4; lastKnownFileType = sourcecode.swift; path = "Pasteboard List.swift"; sourceTree = "<group>"; };
		F3A843802B8C0BF60068AC2A /* Menu App.swift */ = {isa = PBXFileReference; fileEncoding = 4; lastKnownFileType = sourcecode.swift; path = "Menu App.swift"; sourceTree = "<group>"; };
		F3A843812B8C0BF60068AC2A /* App Delegate.swift */ = {isa = PBXFileReference; fileEncoding = 4; lastKnownFileType = sourcecode.swift; path = "App Delegate.swift"; sourceTree = "<group>"; };
		F3A843822B8C0BF60068AC2A /* Pasteboard VM.swift */ = {isa = PBXFileReference; fileEncoding = 4; lastKnownFileType = sourcecode.swift; path = "Pasteboard VM.swift"; sourceTree = "<group>"; };
		F3A843832B8C0BF60068AC2A /* Pasteboard Item.swift */ = {isa = PBXFileReference; fileEncoding = 4; lastKnownFileType = sourcecode.swift; path = "Pasteboard Item.swift"; sourceTree = "<group>"; };
		F3A8438D2B8C0C5B0068AC2A /* App Container.swift */ = {isa = PBXFileReference; lastKnownFileType = sourcecode.swift; path = "App Container.swift"; sourceTree = "<group>"; };
		F3A843972B8C17C10068AC2A /* Utilitius Launcher.app */ = {isa = PBXFileReference; explicitFileType = wrapper.application; includeInIndex = 0; path = "Utilitius Launcher.app"; sourceTree = BUILT_PRODUCTS_DIR; };
		F3A843992B8C17C10068AC2A /* Utilitius_LauncherApp.swift */ = {isa = PBXFileReference; lastKnownFileType = sourcecode.swift; path = Utilitius_LauncherApp.swift; sourceTree = "<group>"; };
		F3A8439D2B8C17C20068AC2A /* Assets.xcassets */ = {isa = PBXFileReference; lastKnownFileType = folder.assetcatalog; path = Assets.xcassets; sourceTree = "<group>"; };
		F3A843A22B8C17C20068AC2A /* Utilitius_Launcher.entitlements */ = {isa = PBXFileReference; lastKnownFileType = text.plist.entitlements; path = Utilitius_Launcher.entitlements; sourceTree = "<group>"; };
		F3A843A62B8C17E10068AC2A /* Utilitius-Launcher-Info.plist */ = {isa = PBXFileReference; lastKnownFileType = text.plist; path = "Utilitius-Launcher-Info.plist"; sourceTree = SOURCE_ROOT; };
		F3A843AA2B8C18B80068AC2A /* ServiceManagement.framework */ = {isa = PBXFileReference; lastKnownFileType = wrapper.framework; name = ServiceManagement.framework; path = System/Library/Frameworks/ServiceManagement.framework; sourceTree = SDKROOT; };
		F3B9BCCC2B6E59AC00527038 /* Http Codes List.swift */ = {isa = PBXFileReference; lastKnownFileType = sourcecode.swift; path = "Http Codes List.swift"; sourceTree = "<group>"; };
		F3CAAB9B2A60B9F7000B2495 /* Utilitius.app */ = {isa = PBXFileReference; explicitFileType = wrapper.application; includeInIndex = 0; path = Utilitius.app; sourceTree = BUILT_PRODUCTS_DIR; };
		F3CAABAF2A60B9FA000B2495 /* UtilitiusTests.xctest */ = {isa = PBXFileReference; explicitFileType = wrapper.cfbundle; includeInIndex = 0; path = UtilitiusTests.xctest; sourceTree = BUILT_PRODUCTS_DIR; };
		F3CAABB32A60B9FA000B2495 /* Tests.swift */ = {isa = PBXFileReference; lastKnownFileType = sourcecode.swift; path = Tests.swift; sourceTree = "<group>"; };
		F3CAABB92A60B9FA000B2495 /* UtilitiusUITests.xctest */ = {isa = PBXFileReference; explicitFileType = wrapper.cfbundle; includeInIndex = 0; path = UtilitiusUITests.xctest; sourceTree = BUILT_PRODUCTS_DIR; };
		F3CAABBD2A60B9FA000B2495 /* UI Tests.swift */ = {isa = PBXFileReference; lastKnownFileType = sourcecode.swift; path = "UI Tests.swift"; sourceTree = "<group>"; };
		F3CAABBF2A60B9FA000B2495 /* Launch Tests.swift */ = {isa = PBXFileReference; lastKnownFileType = sourcecode.swift; path = "Launch Tests.swift"; sourceTree = "<group>"; };
		F3D296152AF3C6A600ED43A0 /* Reminder List.swift */ = {isa = PBXFileReference; lastKnownFileType = sourcecode.swift; path = "Reminder List.swift"; sourceTree = "<group>"; };
		F3D296172AF3C70400ED43A0 /* Reminder Card.swift */ = {isa = PBXFileReference; lastKnownFileType = sourcecode.swift; path = "Reminder Card.swift"; sourceTree = "<group>"; };
		F3DAB30E2AD96D5F00B8462C /* Stopwatch Parent.swift */ = {isa = PBXFileReference; lastKnownFileType = sourcecode.swift; path = "Stopwatch Parent.swift"; sourceTree = "<group>"; };
		F3DAB3102AD96E4600B8462C /* Stopwatch Laps.swift */ = {isa = PBXFileReference; lastKnownFileType = sourcecode.swift; path = "Stopwatch Laps.swift"; sourceTree = "<group>"; };
/* End PBXFileReference section */

/* Begin PBXFileSystemSynchronizedBuildFileExceptionSet section */
		F3B1B3AE2F49C16500AA5AD3 /* Exceptions for "Utilitius" folder in "Utilitius" target */ = {
			isa = PBXFileSystemSynchronizedBuildFileExceptionSet;
			membershipExceptions = (
				Info.plist,
			);
			target = F3CAAB9A2A60B9F7000B2495 /* Utilitius */;
		};
		F3B1B3AF2F49C16500AA5AD3 /* Exceptions for "Utilitius" folder in "watchOS" target */ = {
			isa = PBXFileSystemSynchronizedBuildFileExceptionSet;
			membershipExceptions = (
				Assets.xcassets,
				"Developer Utilities/Status Codes/HTTP Status Code.swift",
				"Developer Utilities/Status Codes/HTTP Status Codes Array.swift",
				"GOIDA 24/Network/Network VM.swift",
				"Multiboard/Multiboard Item.swift",
				"Navigation/App Container.swift",
				"Navigation/Nav State.swift",
				"Productivity/Stopwatch/Stopwatch Model.swift",
				"Productivity/Stopwatch/Stopwatch VM.swift",
				"Reminder/Reminder Model.swift",
				Subscriptions/Sabscription.swift,
				"SwiftData Models/Countdown.swift",
				"SwiftData Models/Intentory Item.swift",
				"SwiftData Models/NFCMessage.swift",
				"SwiftData Models/Note.swift",
				"SwiftData Models/Tag.swift",
				"SwiftData Models/Timer.swift",
				UtilitiusApp.swift,
			);
			target = F3A1F4532AD92D2D00C85355 /* watchOS */;
		};
		F3B1B3B02F49C16500AA5AD3 /* Exceptions for "Utilitius" folder in "visionOS" target */ = {
			isa = PBXFileSystemSynchronizedBuildFileExceptionSet;
			membershipExceptions = (
				"SwiftData Models/Countdown.swift",
				"SwiftData Models/Intentory Item.swift",
				"SwiftData Models/Note.swift",
				"SwiftData Models/Tag.swift",
				"SwiftData Models/Timer.swift",
			);
			target = F30F20872B6D076900D95589 /* visionOS */;
		};
		F3B1B3B12F49C16500AA5AD3 /* Exceptions for "Utilitius" folder in "UtilitiusTests" target */ = {
			isa = PBXFileSystemSynchronizedBuildFileExceptionSet;
			membershipExceptions = (
				"Developer Utilities/Xcodes/Xcodes VM.swift",
			);
			target = F3CAABAE2A60B9FA000B2495 /* UtilitiusTests */;
		};
/* End PBXFileSystemSynchronizedBuildFileExceptionSet section */

/* Begin PBXFileSystemSynchronizedRootGroup section */
		F3B1B30E2F49C16500AA5AD3 /* Utilitius */ = {
			isa = PBXFileSystemSynchronizedRootGroup;
			exceptions = (
				F3B1B3AE2F49C16500AA5AD3 /* Exceptions for "Utilitius" folder in "Utilitius" target */,
				F3B1B3AF2F49C16500AA5AD3 /* Exceptions for "Utilitius" folder in "watchOS" target */,
				F3B1B3B02F49C16500AA5AD3 /* Exceptions for "Utilitius" folder in "visionOS" target */,
				F3B1B3B12F49C16500AA5AD3 /* Exceptions for "Utilitius" folder in "UtilitiusTests" target */,
			);
			path = Utilitius;
			sourceTree = "<group>";
		};
/* End PBXFileSystemSynchronizedRootGroup section */

/* Begin PBXFrameworksBuildPhase section */
		F30F20852B6D076900D95589 /* Frameworks */ = {
			isa = PBXFrameworksBuildPhase;
			files = (
				F30F208D2B6D076900D95589 /* RealityKitContent in Frameworks */,
			);
		};
		F3A1F4512AD92D2D00C85355 /* Frameworks */ = {
			isa = PBXFrameworksBuildPhase;
			files = (
				F3E1BDF22AEAC81200E78037 /* ScrechKit in Frameworks */,
			);
		};
		F3A843692B8C0BB30068AC2A /* Frameworks */ = {
			isa = PBXFrameworksBuildPhase;
			files = (
				F3A843922B8C14C90068AC2A /* ScrechKit in Frameworks */,
				F3A843AB2B8C18B80068AC2A /* ServiceManagement.framework in Frameworks */,
			);
		};
		F3A843942B8C17C10068AC2A /* Frameworks */ = {
			isa = PBXFrameworksBuildPhase;
			files = (
			);
		};
		F3CAAB982A60B9F7000B2495 /* Frameworks */ = {
			isa = PBXFrameworksBuildPhase;
			files = (
				F39504F32AC0B21400B50018 /* YouTubeKit in Frameworks */,
				F34D5BB42ADC4C8700EA8EA9 /* ScrechKit in Frameworks */,
				F3A43DB12AE3B64F0072F7FA /* AlertKit in Frameworks */,
				F39FF5882AE4819C00D77D98 /* SwiftOTP in Frameworks */,
				F3A1F4452AD83D9200C85355 /* SafariCover in Frameworks */,
				F3CAAC072A60BD07000B2495 /* MailCover in Frameworks */,
				F3E1BDF02AEAC5C600E78037 /* SwiftOTP in Frameworks */,
				F3B00C022A96BA0700C20843 /* SwiftSoup in Frameworks */,
			);
		};
		F3CAABAC2A60B9FA000B2495 /* Frameworks */ = {
			isa = PBXFrameworksBuildPhase;
			files = (
				F30AD1CC2ADEFC300080E879 /* ScrechKit in Frameworks */,
			);
		};
		F3CAABB62A60B9FA000B2495 /* Frameworks */ = {
			isa = PBXFrameworksBuildPhase;
			files = (
			);
		};
/* End PBXFrameworksBuildPhase section */

/* Begin PBXGroup section */
		F30F20892B6D076900D95589 /* Utilitius visionOS */ = {
			isa = PBXGroup;
			children = (
				F30F209B2B6D07BA00D95589 /* Utilitius visionOS.entitlements */,
				F30F208E2B6D076900D95589 /* visionOS App.swift */,
				F30F209E2B6D089C00D95589 /* Navigation */,
				F30F20902B6D076900D95589 /* Home View.swift */,
				F37B90872BFEA0FF00597624 /* Note Card.swift */,
				F37B90862BFEA0FF00597624 /* Note List.swift */,
				F37B90852BFEA0FF00597624 /* View Container.swift */,
				F30F20922B6D076A00D95589 /* Assets.xcassets */,
				F30F20972B6D076A00D95589 /* Info.plist */,
			);
			path = "Utilitius visionOS";
			sourceTree = "<group>";
		};
		F30F208A2B6D076900D95589 /* Packages */ = {
			isa = PBXGroup;
			children = (
				F30F208B2B6D076900D95589 /* RealityKitContent */,
			);
			path = Packages;
			sourceTree = "<group>";
		};
		F30F209E2B6D089C00D95589 /* Navigation */ = {
			isa = PBXGroup;
			children = (
				F30F209F2B6D089C00D95589 /* View Container.swift */,
			);
			path = Navigation;
			sourceTree = "<group>";
		};
		F340104E2B2A5C82002B0675 /* Bundle */ = {
			isa = PBXGroup;
			children = (
				F32F1EEB2ADB43D000633B82 /* Utilitius watchOS.entitlements */,
			);
			name = Bundle;
			sourceTree = "<group>";
		};
		F388900F2B6D6252008597DF /* Notes */ = {
			isa = PBXGroup;
			children = (
				F388900C2B6D624D008597DF /* Note List.swift */,
				F388900B2B6D624D008597DF /* Note Card.swift */,
			);
			path = Notes;
			sourceTree = "<group>";
		};
		F3A1F4582AD92D2D00C85355 /* Utilitius watchOS */ = {
			isa = PBXGroup;
			children = (
				F38890052B6D5ECD008597DF /* Utilitius-watchOS-Info.plist */,
				F340104E2B2A5C82002B0675 /* Bundle */,
				F3A1F4832AD9346B00C85355 /* Navigation */,
				F3A1F4822AD9346600C85355 /* Home */,
				F388900F2B6D6252008597DF /* Notes */,
				F3A1F4812AD9345900C85355 /* Stopwatch */,
				F3B9BCCB2B6E59AC00527038 /* HTTP Codes */,
				F3D296142AF3C69900ED43A0 /* Reminder */,
			);
			path = "Utilitius watchOS";
			sourceTree = "<group>";
		};
		F3A1F46B2AD92E2500C85355 /* Frameworks */ = {
			isa = PBXGroup;
			children = (
				F3A843AA2B8C18B80068AC2A /* ServiceManagement.framework */,
			);
			name = Frameworks;
			sourceTree = "<group>";
		};
		F3A1F4812AD9345900C85355 /* Stopwatch */ = {
			isa = PBXGroup;
			children = (
				F3DAB30E2AD96D5F00B8462C /* Stopwatch Parent.swift */,
				F3DAB3102AD96E4600B8462C /* Stopwatch Laps.swift */,
				F3A1F4792AD92EEC00C85355 /* Stopwatch View.swift */,
				F3A1F47F2AD9304600C85355 /* Stopwatch Button.swift */,
			);
			path = Stopwatch;
			sourceTree = "<group>";
		};
		F3A1F4822AD9346600C85355 /* Home */ = {
			isa = PBXGroup;
			children = (
				F3A1F47B2AD92F0400C85355 /* Home View.swift */,
			);
			path = Home;
			sourceTree = "<group>";
		};
		F3A1F4832AD9346B00C85355 /* Navigation */ = {
			isa = PBXGroup;
			children = (
				F3A1F4862AD934C200C85355 /* Nav Destinations Watch.swift */,
				F3A1F4872AD934C200C85355 /* Nav Extension Watch.swift */,
			);
			path = Navigation;
			sourceTree = "<group>";
		};
		F3A8436D2B8C0BB30068AC2A /* Utilitius macOS */ = {
			isa = PBXGroup;
			children = (
				F3A843802B8C0BF60068AC2A /* Menu App.swift */,
				F3A843742B8C0BB40068AC2A /* Assets.xcassets */,
				F3A843792B8C0BB40068AC2A /* Utilitius_macOS.entitlements */,
				F37B907D2BFEA0BB00597624 /* Settings Storage.swift */,
				F37B907F2BFEA0C600597624 /* Debug View.swift */,
				F3A843832B8C0BF60068AC2A /* Pasteboard Item.swift */,
				F3A8438C2B8C0C5B0068AC2A /* Navigation */,
				F3A843902B8C0C7B0068AC2A /* Menu Bar Extra */,
				F3A8438F2B8C0C6F0068AC2A /* Pasteboard */,
			);
			path = "Utilitius macOS";
			sourceTree = "<group>";
		};
		F3A8438C2B8C0C5B0068AC2A /* Navigation */ = {
			isa = PBXGroup;
			children = (
				F3A8438D2B8C0C5B0068AC2A /* App Container.swift */,
			);
			path = Navigation;
			sourceTree = "<group>";
		};
		F3A8438F2B8C0C6F0068AC2A /* Pasteboard */ = {
			isa = PBXGroup;
			children = (
				F3A8437F2B8C0BF60068AC2A /* Pasteboard List.swift */,
				F3A843822B8C0BF60068AC2A /* Pasteboard VM.swift */,
				F3A843812B8C0BF60068AC2A /* App Delegate.swift */,
			);
			path = Pasteboard;
			sourceTree = "<group>";
		};
		F3A843902B8C0C7B0068AC2A /* Menu Bar Extra */ = {
			isa = PBXGroup;
			children = (
				F3A8437E2B8C0BF60068AC2A /* Menu Bar Extra View.swift */,
				F37B90832BFEA0E700597624 /* Pasteboard Card.swift */,
				F37B90812BFEA0D300597624 /* Text File.swift */,
			);
			path = "Menu Bar Extra";
			sourceTree = "<group>";
		};
		F3A843982B8C17C10068AC2A /* Utilitius Launcher */ = {
			isa = PBXGroup;
			children = (
				F3A843A62B8C17E10068AC2A /* Utilitius-Launcher-Info.plist */,
				F3A843992B8C17C10068AC2A /* Utilitius_LauncherApp.swift */,
				F3A8439D2B8C17C20068AC2A /* Assets.xcassets */,
				F3A843A22B8C17C20068AC2A /* Utilitius_Launcher.entitlements */,
			);
			path = "Utilitius Launcher";
			sourceTree = "<group>";
		};
		F3B9BCCB2B6E59AC00527038 /* HTTP Codes */ = {
			isa = PBXGroup;
			children = (
				F3B9BCCC2B6E59AC00527038 /* Http Codes List.swift */,
				F37B907B2BFEA0A300597624 /* Http Code Card.swift */,
			);
			path = "HTTP Codes";
			sourceTree = "<group>";
		};
		F3CAAB922A60B9F7000B2495 = {
			isa = PBXGroup;
			children = (
				F3865BED2BBA2A31005E82D4 /* APDU.swift */,
				F3B1B30E2F49C16500AA5AD3 /* Utilitius */,
				F3A1F4582AD92D2D00C85355 /* Utilitius watchOS */,
				F3A8436D2B8C0BB30068AC2A /* Utilitius macOS */,
				F30F20892B6D076900D95589 /* Utilitius visionOS */,
				F3CAABB22A60B9FA000B2495 /* Unit Tests */,
				F3CAABBC2A60B9FA000B2495 /* UI Tests */,
				F30F208A2B6D076900D95589 /* Packages */,
				F3A843982B8C17C10068AC2A /* Utilitius Launcher */,
				F3CAAB9C2A60B9F7000B2495 /* Products */,
				F3A1F46B2AD92E2500C85355 /* Frameworks */,
			);
			sourceTree = "<group>";
		};
		F3CAAB9C2A60B9F7000B2495 /* Products */ = {
			isa = PBXGroup;
			children = (
				F3CAAB9B2A60B9F7000B2495 /* Utilitius.app */,
				F3CAABAF2A60B9FA000B2495 /* UtilitiusTests.xctest */,
				F3CAABB92A60B9FA000B2495 /* UtilitiusUITests.xctest */,
				F3A1F4542AD92D2D00C85355 /* watchOS.app */,
				F30F20882B6D076900D95589 /* visionOS.app */,
				F3A8436C2B8C0BB30068AC2A /* macOS.app */,
				F3A843972B8C17C10068AC2A /* Utilitius Launcher.app */,
			);
			name = Products;
			sourceTree = "<group>";
		};
		F3CAABB22A60B9FA000B2495 /* Unit Tests */ = {
			isa = PBXGroup;
			children = (
				F3CAABB32A60B9FA000B2495 /* Tests.swift */,
				F30AD1C92ADEFB4E0080E879 /* Sorting.swift */,
			);
			path = "Unit Tests";
			sourceTree = "<group>";
		};
		F3CAABBC2A60B9FA000B2495 /* UI Tests */ = {
			isa = PBXGroup;
			children = (
				F3CAABBD2A60B9FA000B2495 /* UI Tests.swift */,
				F3CAABBF2A60B9FA000B2495 /* Launch Tests.swift */,
			);
			path = "UI Tests";
			sourceTree = "<group>";
		};
		F3D296142AF3C69900ED43A0 /* Reminder */ = {
			isa = PBXGroup;
			children = (
				F3D296152AF3C6A600ED43A0 /* Reminder List.swift */,
				F3D296172AF3C70400ED43A0 /* Reminder Card.swift */,
			);
			path = Reminder;
			sourceTree = "<group>";
		};
/* End PBXGroup section */

/* Begin PBXNativeTarget section */
		F30F20872B6D076900D95589 /* visionOS */ = {
			isa = PBXNativeTarget;
			buildConfigurationList = F30F20982B6D076A00D95589 /* Build configuration list for PBXNativeTarget "visionOS" */;
			buildPhases = (
				F30F20842B6D076900D95589 /* Sources */,
				F30F20852B6D076900D95589 /* Frameworks */,
				F30F20862B6D076900D95589 /* Resources */,
			);
			buildRules = (
			);
			name = visionOS;
			packageProductDependencies = (
				F30F208C2B6D076900D95589 /* RealityKitContent */,
			);
			productName = "Utilitius visionOS";
			productReference = F30F20882B6D076900D95589 /* visionOS.app */;
			productType = "com.apple.product-type.application";
		};
		F3A1F4532AD92D2D00C85355 /* watchOS */ = {
			isa = PBXNativeTarget;
			buildConfigurationList = F3A1F4622AD92D2F00C85355 /* Build configuration list for PBXNativeTarget "watchOS" */;
			buildPhases = (
				F3A1F4502AD92D2D00C85355 /* Sources */,
				F3A1F4512AD92D2D00C85355 /* Frameworks */,
				F3A1F4522AD92D2D00C85355 /* Resources */,
			);
			buildRules = (
			);
			name = watchOS;
			packageProductDependencies = (
				F3E1BDF12AEAC81200E78037 /* ScrechKit */,
			);
			productName = "Utilitius watchOS Watch App";
			productReference = F3A1F4542AD92D2D00C85355 /* watchOS.app */;
			productType = "com.apple.product-type.application";
		};
		F3A8436B2B8C0BB30068AC2A /* macOS */ = {
			isa = PBXNativeTarget;
			buildConfigurationList = F3A8437A2B8C0BB40068AC2A /* Build configuration list for PBXNativeTarget "macOS" */;
			buildPhases = (
				F3A843682B8C0BB30068AC2A /* Sources */,
				F3A843692B8C0BB30068AC2A /* Frameworks */,
				F3A8436A2B8C0BB30068AC2A /* Resources */,
				F3A843A82B8C18730068AC2A /* CopyFiles */,
			);
			buildRules = (
			);
			name = macOS;
			packageProductDependencies = (
				F3A843912B8C14C90068AC2A /* ScrechKit */,
			);
			productName = "Utilitius macOS";
			productReference = F3A8436C2B8C0BB30068AC2A /* macOS.app */;
			productType = "com.apple.product-type.application";
		};
		F3A843962B8C17C10068AC2A /* Utilitius Launcher */ = {
			isa = PBXNativeTarget;
			buildConfigurationList = F3A843A32B8C17C20068AC2A /* Build configuration list for PBXNativeTarget "Utilitius Launcher" */;
			buildPhases = (
				F3A843932B8C17C10068AC2A /* Sources */,
				F3A843942B8C17C10068AC2A /* Frameworks */,
				F3A843952B8C17C10068AC2A /* Resources */,
			);
			buildRules = (
			);
			name = "Utilitius Launcher";
			productName = "Utilitius Launcher";
			productReference = F3A843972B8C17C10068AC2A /* Utilitius Launcher.app */;
			productType = "com.apple.product-type.application";
		};
		F3CAAB9A2A60B9F7000B2495 /* Utilitius */ = {
			isa = PBXNativeTarget;
			buildConfigurationList = F3CAABC32A60B9FA000B2495 /* Build configuration list for PBXNativeTarget "Utilitius" */;
			buildPhases = (
				F3CAAB972A60B9F7000B2495 /* Sources */,
				F3CAAB982A60B9F7000B2495 /* Frameworks */,
				F3CAAB992A60B9F7000B2495 /* Resources */,
				F36B573C2AF466BA0099AF5D /* Embed Watch Content */,
			);
			buildRules = (
			);
			fileSystemSynchronizedGroups = (
				F3B1B30E2F49C16500AA5AD3 /* Utilitius */,
			);
			name = Utilitius;
			packageProductDependencies = (
				F3CAAC062A60BD07000B2495 /* MailCover */,
				F3B00C012A96BA0700C20843 /* SwiftSoup */,
				F39504F22AC0B21400B50018 /* YouTubeKit */,
				F3A1F4442AD83D9200C85355 /* SafariCover */,
				F34D5BB32ADC4C8700EA8EA9 /* ScrechKit */,
				F3A43DB02AE3B64F0072F7FA /* AlertKit */,
				F39FF5872AE4819C00D77D98 /* SwiftOTP */,
				F3E1BDEF2AEAC5C600E78037 /* SwiftOTP */,
			);
			productName = Utilitius;
			productReference = F3CAAB9B2A60B9F7000B2495 /* Utilitius.app */;
			productType = "com.apple.product-type.application";
		};
		F3CAABAE2A60B9FA000B2495 /* UtilitiusTests */ = {
			isa = PBXNativeTarget;
			buildConfigurationList = F3CAABC62A60B9FA000B2495 /* Build configuration list for PBXNativeTarget "UtilitiusTests" */;
			buildPhases = (
				F3CAABAB2A60B9FA000B2495 /* Sources */,
				F3CAABAC2A60B9FA000B2495 /* Frameworks */,
				F3CAABAD2A60B9FA000B2495 /* Resources */,
			);
			buildRules = (
			);
			dependencies = (
				F3CAABB12A60B9FA000B2495 /* PBXTargetDependency */,
			);
			name = UtilitiusTests;
			packageProductDependencies = (
				F30AD1CB2ADEFC300080E879 /* ScrechKit */,
			);
			productName = UtilitiusTests;
			productReference = F3CAABAF2A60B9FA000B2495 /* UtilitiusTests.xctest */;
			productType = "com.apple.product-type.bundle.unit-test";
		};
		F3CAABB82A60B9FA000B2495 /* UtilitiusUITests */ = {
			isa = PBXNativeTarget;
			buildConfigurationList = F3CAABC92A60B9FA000B2495 /* Build configuration list for PBXNativeTarget "UtilitiusUITests" */;
			buildPhases = (
				F3CAABB52A60B9FA000B2495 /* Sources */,
				F3CAABB62A60B9FA000B2495 /* Frameworks */,
				F3CAABB72A60B9FA000B2495 /* Resources */,
			);
			buildRules = (
			);
			dependencies = (
				F3CAABBB2A60B9FA000B2495 /* PBXTargetDependency */,
			);
			name = UtilitiusUITests;
			productName = UtilitiusUITests;
			productReference = F3CAABB92A60B9FA000B2495 /* UtilitiusUITests.xctest */;
			productType = "com.apple.product-type.bundle.ui-testing";
		};
/* End PBXNativeTarget section */

/* Begin PBXProject section */
		F3CAAB932A60B9F7000B2495 /* Project object */ = {
			isa = PBXProject;
			attributes = {
				BuildIndependentTargetsInParallel = 1;
				LastSwiftUpdateCheck = 1520;
				LastUpgradeCheck = 2600;
				TargetAttributes = {
					F30F20872B6D076900D95589 = {
						CreatedOnToolsVersion = 15.2;
					};
					F3A1F4532AD92D2D00C85355 = {
						CreatedOnToolsVersion = 15.1;
					};
					F3A8436B2B8C0BB30068AC2A = {
						CreatedOnToolsVersion = 15.2;
						LastSwiftMigration = 1520;
					};
					F3A843962B8C17C10068AC2A = {
						CreatedOnToolsVersion = 15.2;
					};
					F3CAAB9A2A60B9F7000B2495 = {
						CreatedOnToolsVersion = 15.0;
						LastSwiftMigration = 1510;
					};
					F3CAABAE2A60B9FA000B2495 = {
						CreatedOnToolsVersion = 15.0;
						TestTargetID = F3CAAB9A2A60B9F7000B2495;
					};
					F3CAABB82A60B9FA000B2495 = {
						CreatedOnToolsVersion = 15.0;
						TestTargetID = F3CAAB9A2A60B9F7000B2495;
					};
				};
			};
			buildConfigurationList = F3CAAB962A60B9F7000B2495 /* Build configuration list for PBXProject "Utilitius" */;
			developmentRegion = en;
			hasScannedForEncodings = 0;
			knownRegions = (
				en,
				Base,
				ru,
				nl,
			);
			mainGroup = F3CAAB922A60B9F7000B2495;
			packageReferences = (
				F3CAAC052A60BD07000B2495 /* XCRemoteSwiftPackageReference "MailCover" */,
				F3B00C002A96BA0700C20843 /* XCRemoteSwiftPackageReference "SwiftSoup" */,
				F39504F12AC0B21400B50018 /* XCRemoteSwiftPackageReference "YouTubeKit" */,
				F3A1F4432AD83D9200C85355 /* XCRemoteSwiftPackageReference "SafariCover" */,
				F34D5BB22ADC4C8700EA8EA9 /* XCRemoteSwiftPackageReference "ScrechKit" */,
				F3A43DAF2AE3B64F0072F7FA /* XCRemoteSwiftPackageReference "AlertKit" */,
				F3E1BDEE2AEAC5C600E78037 /* XCRemoteSwiftPackageReference "SwiftOTP" */,
			);
			preferredProjectObjectVersion = 100;
			productRefGroup = F3CAAB9C2A60B9F7000B2495 /* Products */;
			projectDirPath = "";
			projectRoot = "";
			targets = (
				F3CAAB9A2A60B9F7000B2495 /* Utilitius */,
				F3A1F4532AD92D2D00C85355 /* watchOS */,
				F30F20872B6D076900D95589 /* visionOS */,
				F3A8436B2B8C0BB30068AC2A /* macOS */,
				F3A843962B8C17C10068AC2A /* Utilitius Launcher */,
				F3CAABAE2A60B9FA000B2495 /* UtilitiusTests */,
				F3CAABB82A60B9FA000B2495 /* UtilitiusUITests */,
			);
		};
/* End PBXProject section */

/* Begin PBXResourcesBuildPhase section */
		F30F20862B6D076900D95589 /* Resources */ = {
			isa = PBXResourcesBuildPhase;
			files = (
				F30F20932B6D076A00D95589 /* Assets.xcassets in Resources */,
			);
		};
		F3A1F4522AD92D2D00C85355 /* Resources */ = {
			isa = PBXResourcesBuildPhase;
			files = (
			);
		};
		F3A8436A2B8C0BB30068AC2A /* Resources */ = {
			isa = PBXResourcesBuildPhase;
			files = (
				F3A843752B8C0BB40068AC2A /* Assets.xcassets in Resources */,
			);
		};
		F3A843952B8C17C10068AC2A /* Resources */ = {
			isa = PBXResourcesBuildPhase;
			files = (
				F3A8439E2B8C17C20068AC2A /* Assets.xcassets in Resources */,
			);
		};
		F3CAAB992A60B9F7000B2495 /* Resources */ = {
			isa = PBXResourcesBuildPhase;
			files = (
			);
		};
		F3CAABAD2A60B9FA000B2495 /* Resources */ = {
			isa = PBXResourcesBuildPhase;
			files = (
			);
		};
		F3CAABB72A60B9FA000B2495 /* Resources */ = {
			isa = PBXResourcesBuildPhase;
			files = (
			);
		};
/* End PBXResourcesBuildPhase section */

/* Begin PBXSourcesBuildPhase section */
		F30F20842B6D076900D95589 /* Sources */ = {
			isa = PBXSourcesBuildPhase;
			files = (
				F37B908A2BFEA0FF00597624 /* Note Card.swift in Sources */,
				F37B90892BFEA0FF00597624 /* Note List.swift in Sources */,
				F30F20912B6D076900D95589 /* Home View.swift in Sources */,
				F37B90882BFEA0FF00597624 /* View Container.swift in Sources */,
				F30F208F2B6D076900D95589 /* visionOS App.swift in Sources */,
			);
		};
		F3A1F4502AD92D2D00C85355 /* Sources */ = {
			isa = PBXSourcesBuildPhase;
			files = (
				F3A1F47C2AD92F0400C85355 /* Home View.swift in Sources */,
				F388900D2B6D624D008597DF /* Note List.swift in Sources */,
				F3DAB30F2AD96D5F00B8462C /* Stopwatch Parent.swift in Sources */,
				F3B9BCD12B6E5AEB00527038 /* Http Codes List.swift in Sources */,
				F3A1F4882AD934C200C85355 /* Nav Destinations Watch.swift in Sources */,
				F3D296182AF3C70400ED43A0 /* Reminder Card.swift in Sources */,
				F3A1F4892AD934C200C85355 /* Nav Extension Watch.swift in Sources */,
				F3DAB3112AD96E4600B8462C /* Stopwatch Laps.swift in Sources */,
				F3A1F47A2AD92EEC00C85355 /* Stopwatch View.swift in Sources */,
				F388900E2B6D624D008597DF /* Note Card.swift in Sources */,
				F3A1F4802AD9304600C85355 /* Stopwatch Button.swift in Sources */,
				F3D296162AF3C6A600ED43A0 /* Reminder List.swift in Sources */,
				F37B907C2BFEA0A300597624 /* Http Code Card.swift in Sources */,
			);
		};
		F3A843682B8C0BB30068AC2A /* Sources */ = {
			isa = PBXSourcesBuildPhase;
			files = (
				F37B90802BFEA0C600597624 /* Debug View.swift in Sources */,
				F3A8438E2B8C0C650068AC2A /* App Container.swift in Sources */,
				F37B90822BFEA0D300597624 /* Text File.swift in Sources */,
				F37B90842BFEA0E700597624 /* Pasteboard Card.swift in Sources */,
				F3A843882B8C0BF60068AC2A /* Pasteboard VM.swift in Sources */,
				F3A843842B8C0BF60068AC2A /* Menu Bar Extra View.swift in Sources */,
				F3A843892B8C0BF60068AC2A /* Pasteboard Item.swift in Sources */,
				F3A843872B8C0BF60068AC2A /* App Delegate.swift in Sources */,
				F3A843852B8C0BF60068AC2A /* Pasteboard List.swift in Sources */,
				F3A843862B8C0BF60068AC2A /* Menu App.swift in Sources */,
				F37B907E2BFEA0BB00597624 /* Settings Storage.swift in Sources */,
			);
		};
		F3A843932B8C17C10068AC2A /* Sources */ = {
			isa = PBXSourcesBuildPhase;
			files = (
				F3A8439A2B8C17C10068AC2A /* Utilitius_LauncherApp.swift in Sources */,
			);
		};
		F3CAAB972A60B9F7000B2495 /* Sources */ = {
			isa = PBXSourcesBuildPhase;
			files = (
				F3865BEE2BBA2A31005E82D4 /* APDU.swift in Sources */,
			);
		};
		F3CAABAB2A60B9FA000B2495 /* Sources */ = {
			isa = PBXSourcesBuildPhase;
			files = (
				F30AD1CA2ADEFB4E0080E879 /* Sorting.swift in Sources */,
				F3CAABB42A60B9FA000B2495 /* Tests.swift in Sources */,
			);
		};
		F3CAABB52A60B9FA000B2495 /* Sources */ = {
			isa = PBXSourcesBuildPhase;
			files = (
				F3CAABBE2A60B9FA000B2495 /* UI Tests.swift in Sources */,
				F3CAABC02A60B9FA000B2495 /* Launch Tests.swift in Sources */,
			);
		};
/* End PBXSourcesBuildPhase section */

/* Begin PBXTargetDependency section */
		F3CAABB12A60B9FA000B2495 /* PBXTargetDependency */ = {
			isa = PBXTargetDependency;
			target = F3CAAB9A2A60B9F7000B2495 /* Utilitius */;
			targetProxy = F3CAABB02A60B9FA000B2495 /* PBXContainerItemProxy */;
		};
		F3CAABBB2A60B9FA000B2495 /* PBXTargetDependency */ = {
			isa = PBXTargetDependency;
			target = F3CAAB9A2A60B9F7000B2495 /* Utilitius */;
			targetProxy = F3CAABBA2A60B9FA000B2495 /* PBXContainerItemProxy */;
		};
/* End PBXTargetDependency section */

/* Begin XCBuildConfiguration section */
		F30F20992B6D076A00D95589 /* Debug configuration for PBXNativeTarget "visionOS" */ = {
			isa = XCBuildConfiguration;
			buildSettings = {
				ASSETCATALOG_COMPILER_APPICON_NAME = AppIcon;
				ASSETCATALOG_COMPILER_GLOBAL_ACCENT_COLOR_NAME = AccentColor;
				CODE_SIGN_ENTITLEMENTS = "Utilitius visionOS/Utilitius visionOS.entitlements";
				CODE_SIGN_STYLE = Automatic;
				DEVELOPMENT_ASSET_PATHS = "";
				ENABLE_PREVIEWS = YES;
				GENERATE_INFOPLIST_FILE = YES;
				INFOPLIST_FILE = "$(TARGET_NAME)/Info.plist";
				INFOPLIST_KEY_CFBundleDisplayName = Utilitius;
				INFOPLIST_KEY_LSApplicationCategoryType = "public.app-category.utilities";
				LD_RUNPATH_SEARCH_PATHS = (
					"$(inherited)",
					"@executable_path/Frameworks",
				);
				PRODUCT_BUNDLE_IDENTIFIER = "dev.topscrech.Utilitius-visionOS";
				PRODUCT_NAME = "$(TARGET_NAME)";
				SDKROOT = xros;
				SUPPORTED_PLATFORMS = "xros xrsimulator";
				SWIFT_EMIT_LOC_STRINGS = YES;
				SWIFT_VERSION = 5.0;
				TARGETED_DEVICE_FAMILY = "1,2,7";
			};
			name = Debug;
		};
		F30F209A2B6D076A00D95589 /* Release configuration for PBXNativeTarget "visionOS" */ = {
			isa = XCBuildConfiguration;
			buildSettings = {
				ASSETCATALOG_COMPILER_APPICON_NAME = AppIcon;
				ASSETCATALOG_COMPILER_GLOBAL_ACCENT_COLOR_NAME = AccentColor;
				CODE_SIGN_ENTITLEMENTS = "Utilitius visionOS/Utilitius visionOS.entitlements";
				CODE_SIGN_STYLE = Automatic;
				DEVELOPMENT_ASSET_PATHS = "";
				ENABLE_PREVIEWS = YES;
				GENERATE_INFOPLIST_FILE = YES;
				INFOPLIST_FILE = "$(TARGET_NAME)/Info.plist";
				INFOPLIST_KEY_CFBundleDisplayName = Utilitius;
				INFOPLIST_KEY_LSApplicationCategoryType = "public.app-category.utilities";
				LD_RUNPATH_SEARCH_PATHS = (
					"$(inherited)",
					"@executable_path/Frameworks",
				);
				PRODUCT_BUNDLE_IDENTIFIER = "dev.topscrech.Utilitius-visionOS";
				PRODUCT_NAME = "$(TARGET_NAME)";
				SDKROOT = xros;
				SUPPORTED_PLATFORMS = "xros xrsimulator";
				SWIFT_EMIT_LOC_STRINGS = YES;
				SWIFT_VERSION = 5.0;
				TARGETED_DEVICE_FAMILY = "1,2,7";
				VALIDATE_PRODUCT = YES;
			};
			name = Release;
		};
		F3A1F4632AD92D2F00C85355 /* Debug configuration for PBXNativeTarget "watchOS" */ = {
			isa = XCBuildConfiguration;
			buildSettings = {
				ASSETCATALOG_COMPILER_APPICON_NAME = AppIcon;
				ASSETCATALOG_COMPILER_GLOBAL_ACCENT_COLOR_NAME = AccentColor;
				CODE_SIGN_ENTITLEMENTS = "Utilitius watchOS/Utilitius watchOS.entitlements";
				CODE_SIGN_STYLE = Automatic;
				DEVELOPMENT_ASSET_PATHS = "";
				ENABLE_PREVIEWS = YES;
				GENERATE_INFOPLIST_FILE = YES;
				INFOPLIST_FILE = "Utilitius-watchOS-Info.plist";
				INFOPLIST_KEY_CFBundleDisplayName = Utilitius;
				INFOPLIST_KEY_UISupportedInterfaceOrientations = "UIInterfaceOrientationPortrait UIInterfaceOrientationPortraitUpsideDown";
				INFOPLIST_KEY_WKWatchOnly = YES;
				LD_RUNPATH_SEARCH_PATHS = (
					"$(inherited)",
					"@executable_path/Frameworks",
				);
				PRODUCT_BUNDLE_IDENTIFIER = "dev.topscrech.Utilitius-watchOS";
				PRODUCT_NAME = "$(TARGET_NAME)";
				SDKROOT = watchos;
				SKIP_INSTALL = YES;
				SWIFT_EMIT_LOC_STRINGS = YES;
				SWIFT_VERSION = 5.0;
				TARGETED_DEVICE_FAMILY = 4;
				WATCHOS_DEPLOYMENT_TARGET = 10.0;
			};
			name = Debug;
		};
		F3A1F4642AD92D2F00C85355 /* Release configuration for PBXNativeTarget "watchOS" */ = {
			isa = XCBuildConfiguration;
			buildSettings = {
				ASSETCATALOG_COMPILER_APPICON_NAME = AppIcon;
				ASSETCATALOG_COMPILER_GLOBAL_ACCENT_COLOR_NAME = AccentColor;
				CODE_SIGN_ENTITLEMENTS = "Utilitius watchOS/Utilitius watchOS.entitlements";
				CODE_SIGN_STYLE = Automatic;
				DEVELOPMENT_ASSET_PATHS = "";
				ENABLE_PREVIEWS = YES;
				GENERATE_INFOPLIST_FILE = YES;
				INFOPLIST_FILE = "Utilitius-watchOS-Info.plist";
				INFOPLIST_KEY_CFBundleDisplayName = Utilitius;
				INFOPLIST_KEY_UISupportedInterfaceOrientations = "UIInterfaceOrientationPortrait UIInterfaceOrientationPortraitUpsideDown";
				INFOPLIST_KEY_WKWatchOnly = YES;
				LD_RUNPATH_SEARCH_PATHS = (
					"$(inherited)",
					"@executable_path/Frameworks",
				);
				PRODUCT_BUNDLE_IDENTIFIER = "dev.topscrech.Utilitius-watchOS";
				PRODUCT_NAME = "$(TARGET_NAME)";
				SDKROOT = watchos;
				SKIP_INSTALL = YES;
				SWIFT_EMIT_LOC_STRINGS = YES;
				SWIFT_VERSION = 5.0;
				TARGETED_DEVICE_FAMILY = 4;
				VALIDATE_PRODUCT = YES;
				WATCHOS_DEPLOYMENT_TARGET = 10.0;
			};
			name = Release;
		};
		F3A8437B2B8C0BB40068AC2A /* Debug configuration for PBXNativeTarget "macOS" */ = {
			isa = XCBuildConfiguration;
			buildSettings = {
				ASSETCATALOG_COMPILER_APPICON_NAME = AppIcon;
				ASSETCATALOG_COMPILER_GLOBAL_ACCENT_COLOR_NAME = AccentColor;
				CLANG_ENABLE_MODULES = YES;
				CODE_SIGN_ENTITLEMENTS = "Utilitius macOS/Utilitius_macOS.entitlements";
				CODE_SIGN_STYLE = Automatic;
				COMBINE_HIDPI_IMAGES = YES;
				DEVELOPMENT_ASSET_PATHS = "";
				ENABLE_APP_SANDBOX = YES;
				ENABLE_HARDENED_RUNTIME = YES;
				ENABLE_PREVIEWS = YES;
				ENABLE_USER_SELECTED_FILES = readwrite;
				GENERATE_INFOPLIST_FILE = YES;
				INFOPLIST_KEY_CFBundleDisplayName = Utilitius;
				INFOPLIST_KEY_LSApplicationCategoryType = "public.app-category.productivity";
				INFOPLIST_KEY_NSHumanReadableCopyright = "";
				LD_RUNPATH_SEARCH_PATHS = (
					"$(inherited)",
					"@executable_path/../Frameworks",
				);
				MACOSX_DEPLOYMENT_TARGET = 14.2;
				PRODUCT_BUNDLE_IDENTIFIER = "dev.topscrech.Utilitius-macOS";
				PRODUCT_NAME = "$(TARGET_NAME)";
				SDKROOT = macosx;
				SWIFT_EMIT_LOC_STRINGS = YES;
				SWIFT_OPTIMIZATION_LEVEL = "-Onone";
				SWIFT_VERSION = 5.0;
			};
			name = Debug;
		};
		F3A8437C2B8C0BB40068AC2A /* Release configuration for PBXNativeTarget "macOS" */ = {
			isa = XCBuildConfiguration;
			buildSettings = {
				ASSETCATALOG_COMPILER_APPICON_NAME = AppIcon;
				ASSETCATALOG_COMPILER_GLOBAL_ACCENT_COLOR_NAME = AccentColor;
				CLANG_ENABLE_MODULES = YES;
				CODE_SIGN_ENTITLEMENTS = "Utilitius macOS/Utilitius_macOS.entitlements";
				CODE_SIGN_STYLE = Automatic;
				COMBINE_HIDPI_IMAGES = YES;
				DEVELOPMENT_ASSET_PATHS = "";
				ENABLE_APP_SANDBOX = YES;
				ENABLE_HARDENED_RUNTIME = YES;
				ENABLE_PREVIEWS = YES;
				ENABLE_USER_SELECTED_FILES = readwrite;
				GENERATE_INFOPLIST_FILE = YES;
				INFOPLIST_KEY_CFBundleDisplayName = Utilitius;
				INFOPLIST_KEY_LSApplicationCategoryType = "public.app-category.productivity";
				INFOPLIST_KEY_NSHumanReadableCopyright = "";
				LD_RUNPATH_SEARCH_PATHS = (
					"$(inherited)",
					"@executable_path/../Frameworks",
				);
				MACOSX_DEPLOYMENT_TARGET = 14.2;
				PRODUCT_BUNDLE_IDENTIFIER = "dev.topscrech.Utilitius-macOS";
				PRODUCT_NAME = "$(TARGET_NAME)";
				SDKROOT = macosx;
				SWIFT_EMIT_LOC_STRINGS = YES;
				SWIFT_VERSION = 5.0;
			};
			name = Release;
		};
		F3A843A42B8C17C20068AC2A /* Debug configuration for PBXNativeTarget "Utilitius Launcher" */ = {
			isa = XCBuildConfiguration;
			buildSettings = {
				ASSETCATALOG_COMPILER_APPICON_NAME = AppIcon;
				ASSETCATALOG_COMPILER_GLOBAL_ACCENT_COLOR_NAME = AccentColor;
				CODE_SIGN_ENTITLEMENTS = "Utilitius Launcher/Utilitius_Launcher.entitlements";
				CODE_SIGN_STYLE = Automatic;
				COMBINE_HIDPI_IMAGES = YES;
				DEVELOPMENT_ASSET_PATHS = "";
				ENABLE_APP_SANDBOX = YES;
				ENABLE_HARDENED_RUNTIME = YES;
				ENABLE_PREVIEWS = YES;
				ENABLE_USER_SELECTED_FILES = readonly;
				GENERATE_INFOPLIST_FILE = YES;
				INFOPLIST_FILE = "Utilitius-Launcher-Info.plist";
				INFOPLIST_KEY_CFBundleDisplayName = Utilitius;
				INFOPLIST_KEY_LSApplicationCategoryType = "public.app-category.productivity";
				INFOPLIST_KEY_LSBackgroundOnly = YES;
				INFOPLIST_KEY_NSHumanReadableCopyright = "";
				LD_RUNPATH_SEARCH_PATHS = (
					"$(inherited)",
					"@executable_path/../Frameworks",
				);
				MACOSX_DEPLOYMENT_TARGET = 14.2;
				PRODUCT_BUNDLE_IDENTIFIER = "dev.topscrech.Utilitius-Launcher";
				PRODUCT_NAME = "$(TARGET_NAME)";
				SDKROOT = macosx;
				SWIFT_EMIT_LOC_STRINGS = YES;
				SWIFT_VERSION = 5.0;
			};
			name = Debug;
		};
		F3A843A52B8C17C20068AC2A /* Release configuration for PBXNativeTarget "Utilitius Launcher" */ = {
			isa = XCBuildConfiguration;
			buildSettings = {
				ASSETCATALOG_COMPILER_APPICON_NAME = AppIcon;
				ASSETCATALOG_COMPILER_GLOBAL_ACCENT_COLOR_NAME = AccentColor;
				CODE_SIGN_ENTITLEMENTS = "Utilitius Launcher/Utilitius_Launcher.entitlements";
				CODE_SIGN_STYLE = Automatic;
				COMBINE_HIDPI_IMAGES = YES;
				DEVELOPMENT_ASSET_PATHS = "";
				ENABLE_APP_SANDBOX = YES;
				ENABLE_HARDENED_RUNTIME = YES;
				ENABLE_PREVIEWS = YES;
				ENABLE_USER_SELECTED_FILES = readonly;
				GENERATE_INFOPLIST_FILE = YES;
				INFOPLIST_FILE = "Utilitius-Launcher-Info.plist";
				INFOPLIST_KEY_CFBundleDisplayName = Utilitius;
				INFOPLIST_KEY_LSApplicationCategoryType = "public.app-category.productivity";
				INFOPLIST_KEY_LSBackgroundOnly = YES;
				INFOPLIST_KEY_NSHumanReadableCopyright = "";
				LD_RUNPATH_SEARCH_PATHS = (
					"$(inherited)",
					"@executable_path/../Frameworks",
				);
				MACOSX_DEPLOYMENT_TARGET = 14.2;
				PRODUCT_BUNDLE_IDENTIFIER = "dev.topscrech.Utilitius-Launcher";
				PRODUCT_NAME = "$(TARGET_NAME)";
				SDKROOT = macosx;
				SWIFT_EMIT_LOC_STRINGS = YES;
				SWIFT_VERSION = 5.0;
			};
			name = Release;
		};
		F3CAABC12A60B9FA000B2495 /* Debug configuration for PBXProject "Utilitius" */ = {
			isa = XCBuildConfiguration;
			buildSettings = {
				ALWAYS_SEARCH_USER_PATHS = NO;
				ASSETCATALOG_COMPILER_GENERATE_SWIFT_ASSET_SYMBOL_EXTENSIONS = YES;
				CLANG_ANALYZER_LOCALIZABILITY_NONLOCALIZED = YES;
				CLANG_ANALYZER_NONNULL = YES;
				CLANG_ANALYZER_NUMBER_OBJECT_CONVERSION = YES_AGGRESSIVE;
				CLANG_CXX_LANGUAGE_STANDARD = "gnu++20";
				CLANG_ENABLE_MODULES = YES;
				CLANG_ENABLE_OBJC_ARC = YES;
				CLANG_ENABLE_OBJC_WEAK = YES;
				CLANG_WARN_BLOCK_CAPTURE_AUTORELEASING = YES;
				CLANG_WARN_BOOL_CONVERSION = YES;
				CLANG_WARN_COMMA = YES;
				CLANG_WARN_CONSTANT_CONVERSION = YES;
				CLANG_WARN_DEPRECATED_OBJC_IMPLEMENTATIONS = YES;
				CLANG_WARN_DIRECT_OBJC_ISA_USAGE = YES_ERROR;
				CLANG_WARN_DOCUMENTATION_COMMENTS = YES;
				CLANG_WARN_EMPTY_BODY = YES;
				CLANG_WARN_ENUM_CONVERSION = YES;
				CLANG_WARN_INFINITE_RECURSION = YES;
				CLANG_WARN_INT_CONVERSION = YES;
				CLANG_WARN_NON_LITERAL_NULL_CONVERSION = YES;
				CLANG_WARN_OBJC_IMPLICIT_RETAIN_SELF = YES;
				CLANG_WARN_OBJC_LITERAL_CONVERSION = YES;
				CLANG_WARN_OBJC_ROOT_CLASS = YES_ERROR;
				CLANG_WARN_QUOTED_INCLUDE_IN_FRAMEWORK_HEADER = YES;
				CLANG_WARN_RANGE_LOOP_ANALYSIS = YES;
				CLANG_WARN_STRICT_PROTOTYPES = YES;
				CLANG_WARN_SUSPICIOUS_MOVE = YES;
				CLANG_WARN_UNGUARDED_AVAILABILITY = YES_AGGRESSIVE;
				CLANG_WARN_UNREACHABLE_CODE = YES;
				CLANG_WARN__DUPLICATE_METHOD_MATCH = YES;
				COMPILATION_CACHE_ENABLE_CACHING = YES;
				COPY_PHASE_STRIP = NO;
				CURRENT_PROJECT_VERSION = 0;
				DEAD_CODE_STRIPPING = YES;
				DEBUG_INFORMATION_FORMAT = dwarf;
				DEVELOPMENT_TEAM = 8FQUA2F388;
				ENABLE_STRICT_OBJC_MSGSEND = YES;
				ENABLE_TESTABILITY = YES;
				ENABLE_USER_SCRIPT_SANDBOXING = YES;
				GCC_C_LANGUAGE_STANDARD = gnu17;
				GCC_DYNAMIC_NO_PIC = NO;
				GCC_NO_COMMON_BLOCKS = YES;
				GCC_OPTIMIZATION_LEVEL = 0;
				GCC_PREPROCESSOR_DEFINITIONS = (
					"DEBUG=1",
					"$(inherited)",
				);
				GCC_WARN_64_TO_32_BIT_CONVERSION = YES;
				GCC_WARN_ABOUT_RETURN_TYPE = YES_ERROR;
				GCC_WARN_UNDECLARED_SELECTOR = YES;
				GCC_WARN_UNINITIALIZED_AUTOS = YES_AGGRESSIVE;
				GCC_WARN_UNUSED_FUNCTION = YES;
				GCC_WARN_UNUSED_VARIABLE = YES;
				IPHONEOS_DEPLOYMENT_TARGET = 17.0;
				LOCALIZATION_PREFERS_STRING_CATALOGS = YES;
				MACOSX_DEPLOYMENT_TARGET = 14.0;
				MARKETING_VERSION = 1.0;
				MTL_ENABLE_DEBUG_INFO = INCLUDE_SOURCE;
				MTL_FAST_MATH = YES;
				ONLY_ACTIVE_ARCH = YES;
				STRING_CATALOG_GENERATE_SYMBOLS = YES;
				SWIFT_ACTIVE_COMPILATION_CONDITIONS = "DEBUG $(inherited)";
				SWIFT_OPTIMIZATION_LEVEL = "-Onone";
				TVOS_DEPLOYMENT_TARGET = 17.0;
				WATCHOS_DEPLOYMENT_TARGET = 10.0;
				XROS_DEPLOYMENT_TARGET = 1.0;
			};
			name = Debug;
		};
		F3CAABC22A60B9FA000B2495 /* Release configuration for PBXProject "Utilitius" */ = {
			isa = XCBuildConfiguration;
			buildSettings = {
				ALWAYS_SEARCH_USER_PATHS = NO;
				ASSETCATALOG_COMPILER_GENERATE_SWIFT_ASSET_SYMBOL_EXTENSIONS = YES;
				CLANG_ANALYZER_LOCALIZABILITY_NONLOCALIZED = YES;
				CLANG_ANALYZER_NONNULL = YES;
				CLANG_ANALYZER_NUMBER_OBJECT_CONVERSION = YES_AGGRESSIVE;
				CLANG_CXX_LANGUAGE_STANDARD = "gnu++20";
				CLANG_ENABLE_MODULES = YES;
				CLANG_ENABLE_OBJC_ARC = YES;
				CLANG_ENABLE_OBJC_WEAK = YES;
				CLANG_WARN_BLOCK_CAPTURE_AUTORELEASING = YES;
				CLANG_WARN_BOOL_CONVERSION = YES;
				CLANG_WARN_COMMA = YES;
				CLANG_WARN_CONSTANT_CONVERSION = YES;
				CLANG_WARN_DEPRECATED_OBJC_IMPLEMENTATIONS = YES;
				CLANG_WARN_DIRECT_OBJC_ISA_USAGE = YES_ERROR;
				CLANG_WARN_DOCUMENTATION_COMMENTS = YES;
				CLANG_WARN_EMPTY_BODY = YES;
				CLANG_WARN_ENUM_CONVERSION = YES;
				CLANG_WARN_INFINITE_RECURSION = YES;
				CLANG_WARN_INT_CONVERSION = YES;
				CLANG_WARN_NON_LITERAL_NULL_CONVERSION = YES;
				CLANG_WARN_OBJC_IMPLICIT_RETAIN_SELF = YES;
				CLANG_WARN_OBJC_LITERAL_CONVERSION = YES;
				CLANG_WARN_OBJC_ROOT_CLASS = YES_ERROR;
				CLANG_WARN_QUOTED_INCLUDE_IN_FRAMEWORK_HEADER = YES;
				CLANG_WARN_RANGE_LOOP_ANALYSIS = YES;
				CLANG_WARN_STRICT_PROTOTYPES = YES;
				CLANG_WARN_SUSPICIOUS_MOVE = YES;
				CLANG_WARN_UNGUARDED_AVAILABILITY = YES_AGGRESSIVE;
				CLANG_WARN_UNREACHABLE_CODE = YES;
				CLANG_WARN__DUPLICATE_METHOD_MATCH = YES;
				COMPILATION_CACHE_ENABLE_CACHING = YES;
				COPY_PHASE_STRIP = NO;
				CURRENT_PROJECT_VERSION = 0;
				DEAD_CODE_STRIPPING = YES;
				DEBUG_INFORMATION_FORMAT = "dwarf-with-dsym";
				DEVELOPMENT_TEAM = 8FQUA2F388;
				ENABLE_NS_ASSERTIONS = NO;
				ENABLE_STRICT_OBJC_MSGSEND = YES;
				ENABLE_USER_SCRIPT_SANDBOXING = YES;
				GCC_C_LANGUAGE_STANDARD = gnu17;
				GCC_NO_COMMON_BLOCKS = YES;
				GCC_WARN_64_TO_32_BIT_CONVERSION = YES;
				GCC_WARN_ABOUT_RETURN_TYPE = YES_ERROR;
				GCC_WARN_UNDECLARED_SELECTOR = YES;
				GCC_WARN_UNINITIALIZED_AUTOS = YES_AGGRESSIVE;
				GCC_WARN_UNUSED_FUNCTION = YES;
				GCC_WARN_UNUSED_VARIABLE = YES;
				IPHONEOS_DEPLOYMENT_TARGET = 17.0;
				LOCALIZATION_PREFERS_STRING_CATALOGS = YES;
				MACOSX_DEPLOYMENT_TARGET = 14.0;
				MARKETING_VERSION = 1.0;
				MTL_ENABLE_DEBUG_INFO = NO;
				MTL_FAST_MATH = YES;
				STRING_CATALOG_GENERATE_SYMBOLS = YES;
				SWIFT_COMPILATION_MODE = wholemodule;
				TVOS_DEPLOYMENT_TARGET = 17.0;
				WATCHOS_DEPLOYMENT_TARGET = 10.0;
				XROS_DEPLOYMENT_TARGET = 1.0;
			};
			name = Release;
		};
		F3CAABC42A60B9FA000B2495 /* Debug configuration for PBXNativeTarget "Utilitius" */ = {
			isa = XCBuildConfiguration;
			buildSettings = {
				ASSETCATALOG_COMPILER_APPICON_NAME = AppIcon;
				ASSETCATALOG_COMPILER_GLOBAL_ACCENT_COLOR_NAME = AccentColor;
				CLANG_ENABLE_MODULES = YES;
				CODE_SIGN_ENTITLEMENTS = Utilitius/Utilitius.entitlements;
				CODE_SIGN_STYLE = Automatic;
				DEAD_CODE_STRIPPING = YES;
				DEVELOPMENT_ASSET_PATHS = "";
				ENABLE_APP_SANDBOX = YES;
				ENABLE_HARDENED_RUNTIME = YES;
				ENABLE_OUTGOING_NETWORK_CONNECTIONS = YES;
				ENABLE_PREVIEWS = YES;
				ENABLE_RESOURCE_ACCESS_LOCATION = YES;
				ENABLE_USER_SELECTED_FILES = readonly;
				GENERATE_INFOPLIST_FILE = YES;
				INFOPLIST_FILE = Utilitius/Info.plist;
				INFOPLIST_KEY_CFBundleDisplayName = Utilitius;
				INFOPLIST_KEY_LSApplicationCategoryType = "public.app-category.productivity";
				INFOPLIST_KEY_NFCReaderUsageDescription = "Required to scan and write NFC tags";
				INFOPLIST_KEY_NSLocationWhenInUseUsageDescription = "Display location";
				INFOPLIST_KEY_NSMicrophoneUsageDescription = "To record voice memos";
				INFOPLIST_KEY_NSMotionUsageDescription = "Required to display motion data";
				INFOPLIST_KEY_NSNearbyInteractionUsageDescription = "This app demonstrates the NearbyInteraction framework. Supply a value for this string to explain how the user benefits when they allow the app to use NearbyInteraction.";
				INFOPLIST_KEY_NSSupportsLiveActivities = YES;
				"INFOPLIST_KEY_UIApplicationSceneManifest_Generation[sdk=iphoneos*]" = YES;
				"INFOPLIST_KEY_UIApplicationSceneManifest_Generation[sdk=iphonesimulator*]" = YES;
				"INFOPLIST_KEY_UIApplicationSupportsIndirectInputEvents[sdk=iphoneos*]" = YES;
				"INFOPLIST_KEY_UIApplicationSupportsIndirectInputEvents[sdk=iphonesimulator*]" = YES;
				"INFOPLIST_KEY_UILaunchScreen_Generation[sdk=iphoneos*]" = YES;
				"INFOPLIST_KEY_UILaunchScreen_Generation[sdk=iphonesimulator*]" = YES;
				"INFOPLIST_KEY_UIStatusBarStyle[sdk=iphoneos*]" = UIStatusBarStyleDefault;
				"INFOPLIST_KEY_UIStatusBarStyle[sdk=iphonesimulator*]" = UIStatusBarStyleDefault;
				INFOPLIST_KEY_UISupportedInterfaceOrientations = "UIInterfaceOrientationLandscapeLeft UIInterfaceOrientationLandscapeRight UIInterfaceOrientationPortrait UIInterfaceOrientationPortraitUpsideDown";
				IPHONEOS_DEPLOYMENT_TARGET = 17.0;
				LD_RUNPATH_SEARCH_PATHS = "@executable_path/Frameworks";
				"LD_RUNPATH_SEARCH_PATHS[sdk=macosx*]" = "@executable_path/../Frameworks";
				MACOSX_DEPLOYMENT_TARGET = 14.0;
				PRODUCT_BUNDLE_IDENTIFIER = dev.topscrech.Utilitius;
				PRODUCT_NAME = "$(TARGET_NAME)";
				REGISTER_APP_GROUPS = YES;
				SDKROOT = auto;
				SUPPORTED_PLATFORMS = "appletvos appletvsimulator iphoneos iphonesimulator macosx";
				SUPPORTS_MACCATALYST = NO;
				SWIFT_EMIT_LOC_STRINGS = YES;
				SWIFT_OPTIMIZATION_LEVEL = "-Onone";
				SWIFT_VERSION = 5.0;
				TARGETED_DEVICE_FAMILY = "1,3";
			};
			name = Debug;
		};
		F3CAABC52A60B9FA000B2495 /* Release configuration for PBXNativeTarget "Utilitius" */ = {
			isa = XCBuildConfiguration;
			buildSettings = {
				ASSETCATALOG_COMPILER_APPICON_NAME = AppIcon;
				ASSETCATALOG_COMPILER_GLOBAL_ACCENT_COLOR_NAME = AccentColor;
				CLANG_ENABLE_MODULES = YES;
				CODE_SIGN_ENTITLEMENTS = Utilitius/Utilitius.entitlements;
				CODE_SIGN_STYLE = Automatic;
				DEAD_CODE_STRIPPING = YES;
				DEVELOPMENT_ASSET_PATHS = "";
				ENABLE_APP_SANDBOX = YES;
				ENABLE_HARDENED_RUNTIME = YES;
				ENABLE_OUTGOING_NETWORK_CONNECTIONS = YES;
				ENABLE_PREVIEWS = YES;
				ENABLE_RESOURCE_ACCESS_LOCATION = YES;
				ENABLE_USER_SELECTED_FILES = readonly;
				GENERATE_INFOPLIST_FILE = YES;
				INFOPLIST_FILE = Utilitius/Info.plist;
				INFOPLIST_KEY_CFBundleDisplayName = Utilitius;
				INFOPLIST_KEY_LSApplicationCategoryType = "public.app-category.productivity";
				INFOPLIST_KEY_NFCReaderUsageDescription = "Required to scan and write NFC tags";
				INFOPLIST_KEY_NSLocationWhenInUseUsageDescription = "Display location";
				INFOPLIST_KEY_NSMicrophoneUsageDescription = "To record voice memos";
				INFOPLIST_KEY_NSMotionUsageDescription = "Required to display motion data";
				INFOPLIST_KEY_NSNearbyInteractionUsageDescription = "This app demonstrates the NearbyInteraction framework. Supply a value for this string to explain how the user benefits when they allow the app to use NearbyInteraction.";
				INFOPLIST_KEY_NSSupportsLiveActivities = YES;
				"INFOPLIST_KEY_UIApplicationSceneManifest_Generation[sdk=iphoneos*]" = YES;
				"INFOPLIST_KEY_UIApplicationSceneManifest_Generation[sdk=iphonesimulator*]" = YES;
				"INFOPLIST_KEY_UIApplicationSupportsIndirectInputEvents[sdk=iphoneos*]" = YES;
				"INFOPLIST_KEY_UIApplicationSupportsIndirectInputEvents[sdk=iphonesimulator*]" = YES;
				"INFOPLIST_KEY_UILaunchScreen_Generation[sdk=iphoneos*]" = YES;
				"INFOPLIST_KEY_UILaunchScreen_Generation[sdk=iphonesimulator*]" = YES;
				"INFOPLIST_KEY_UIStatusBarStyle[sdk=iphoneos*]" = UIStatusBarStyleDefault;
				"INFOPLIST_KEY_UIStatusBarStyle[sdk=iphonesimulator*]" = UIStatusBarStyleDefault;
				INFOPLIST_KEY_UISupportedInterfaceOrientations = "UIInterfaceOrientationLandscapeLeft UIInterfaceOrientationLandscapeRight UIInterfaceOrientationPortrait UIInterfaceOrientationPortraitUpsideDown";
				IPHONEOS_DEPLOYMENT_TARGET = 17.0;
				LD_RUNPATH_SEARCH_PATHS = "@executable_path/Frameworks";
				"LD_RUNPATH_SEARCH_PATHS[sdk=macosx*]" = "@executable_path/../Frameworks";
				MACOSX_DEPLOYMENT_TARGET = 14.0;
				PRODUCT_BUNDLE_IDENTIFIER = dev.topscrech.Utilitius;
				PRODUCT_NAME = "$(TARGET_NAME)";
				REGISTER_APP_GROUPS = YES;
				SDKROOT = auto;
				SUPPORTED_PLATFORMS = "appletvos appletvsimulator iphoneos iphonesimulator macosx";
				SUPPORTS_MACCATALYST = NO;
				SWIFT_EMIT_LOC_STRINGS = YES;
				SWIFT_VERSION = 5.0;
				TARGETED_DEVICE_FAMILY = "1,3";
			};
			name = Release;
		};
		F3CAABC72A60B9FA000B2495 /* Debug configuration for PBXNativeTarget "UtilitiusTests" */ = {
			isa = XCBuildConfiguration;
			buildSettings = {
				BUNDLE_LOADER = "$(TEST_HOST)";
				CODE_SIGN_STYLE = Automatic;
				CURRENT_PROJECT_VERSION = 1;
				DEAD_CODE_STRIPPING = YES;
				GENERATE_INFOPLIST_FILE = YES;
				IPHONEOS_DEPLOYMENT_TARGET = 17.0;
				MACOSX_DEPLOYMENT_TARGET = 14.0;
				MARKETING_VERSION = 1.0;
				PRODUCT_BUNDLE_IDENTIFIER = dev.topscrech.UtilitiusTests;
				PRODUCT_NAME = "$(TARGET_NAME)";
				SDKROOT = auto;
				SUPPORTED_PLATFORMS = "iphoneos iphonesimulator macosx";
				SWIFT_EMIT_LOC_STRINGS = NO;
				SWIFT_VERSION = 5.0;
				TARGETED_DEVICE_FAMILY = "1,2";
				TEST_HOST = "$(BUILT_PRODUCTS_DIR)/Utilitius.app/$(BUNDLE_EXECUTABLE_FOLDER_PATH)/Utilitius";
			};
			name = Debug;
		};
		F3CAABC82A60B9FA000B2495 /* Release configuration for PBXNativeTarget "UtilitiusTests" */ = {
			isa = XCBuildConfiguration;
			buildSettings = {
				BUNDLE_LOADER = "$(TEST_HOST)";
				CODE_SIGN_STYLE = Automatic;
				CURRENT_PROJECT_VERSION = 1;
				DEAD_CODE_STRIPPING = YES;
				GENERATE_INFOPLIST_FILE = YES;
				IPHONEOS_DEPLOYMENT_TARGET = 17.0;
				MACOSX_DEPLOYMENT_TARGET = 14.0;
				MARKETING_VERSION = 1.0;
				PRODUCT_BUNDLE_IDENTIFIER = dev.topscrech.UtilitiusTests;
				PRODUCT_NAME = "$(TARGET_NAME)";
				SDKROOT = auto;
				SUPPORTED_PLATFORMS = "iphoneos iphonesimulator macosx";
				SWIFT_EMIT_LOC_STRINGS = NO;
				SWIFT_VERSION = 5.0;
				TARGETED_DEVICE_FAMILY = "1,2";
				TEST_HOST = "$(BUILT_PRODUCTS_DIR)/Utilitius.app/$(BUNDLE_EXECUTABLE_FOLDER_PATH)/Utilitius";
			};
			name = Release;
		};
		F3CAABCA2A60B9FA000B2495 /* Debug configuration for PBXNativeTarget "UtilitiusUITests" */ = {
			isa = XCBuildConfiguration;
			buildSettings = {
				CODE_SIGN_STYLE = Automatic;
				CURRENT_PROJECT_VERSION = 1;
				DEAD_CODE_STRIPPING = YES;
				GENERATE_INFOPLIST_FILE = YES;
				IPHONEOS_DEPLOYMENT_TARGET = 17.0;
				MACOSX_DEPLOYMENT_TARGET = 14.0;
				MARKETING_VERSION = 1.0;
				PRODUCT_BUNDLE_IDENTIFIER = dev.topscrech.UtilitiusUITests;
				PRODUCT_NAME = "$(TARGET_NAME)";
				SDKROOT = auto;
				SUPPORTED_PLATFORMS = "iphoneos iphonesimulator macosx";
				SWIFT_EMIT_LOC_STRINGS = NO;
				SWIFT_VERSION = 5.0;
				TARGETED_DEVICE_FAMILY = "1,2";
				TEST_TARGET_NAME = Utilitius;
			};
			name = Debug;
		};
		F3CAABCB2A60B9FA000B2495 /* Release configuration for PBXNativeTarget "UtilitiusUITests" */ = {
			isa = XCBuildConfiguration;
			buildSettings = {
				CODE_SIGN_STYLE = Automatic;
				CURRENT_PROJECT_VERSION = 1;
				DEAD_CODE_STRIPPING = YES;
				GENERATE_INFOPLIST_FILE = YES;
				IPHONEOS_DEPLOYMENT_TARGET = 17.0;
				MACOSX_DEPLOYMENT_TARGET = 14.0;
				MARKETING_VERSION = 1.0;
				PRODUCT_BUNDLE_IDENTIFIER = dev.topscrech.UtilitiusUITests;
				PRODUCT_NAME = "$(TARGET_NAME)";
				SDKROOT = auto;
				SUPPORTED_PLATFORMS = "iphoneos iphonesimulator macosx";
				SWIFT_EMIT_LOC_STRINGS = NO;
				SWIFT_VERSION = 5.0;
				TARGETED_DEVICE_FAMILY = "1,2";
				TEST_TARGET_NAME = Utilitius;
			};
			name = Release;
		};
/* End XCBuildConfiguration section */

/* Begin XCConfigurationList section */
		F30F20982B6D076A00D95589 /* Build configuration list for PBXNativeTarget "visionOS" */ = {
			isa = XCConfigurationList;
			buildConfigurations = (
				F30F20992B6D076A00D95589 /* Debug configuration for PBXNativeTarget "visionOS" */,
				F30F209A2B6D076A00D95589 /* Release configuration for PBXNativeTarget "visionOS" */,
			);
			defaultConfigurationName = Release;
		};
		F3A1F4622AD92D2F00C85355 /* Build configuration list for PBXNativeTarget "watchOS" */ = {
			isa = XCConfigurationList;
			buildConfigurations = (
				F3A1F4632AD92D2F00C85355 /* Debug configuration for PBXNativeTarget "watchOS" */,
				F3A1F4642AD92D2F00C85355 /* Release configuration for PBXNativeTarget "watchOS" */,
			);
			defaultConfigurationName = Release;
		};
		F3A8437A2B8C0BB40068AC2A /* Build configuration list for PBXNativeTarget "macOS" */ = {
			isa = XCConfigurationList;
			buildConfigurations = (
				F3A8437B2B8C0BB40068AC2A /* Debug configuration for PBXNativeTarget "macOS" */,
				F3A8437C2B8C0BB40068AC2A /* Release configuration for PBXNativeTarget "macOS" */,
			);
			defaultConfigurationName = Release;
		};
		F3A843A32B8C17C20068AC2A /* Build configuration list for PBXNativeTarget "Utilitius Launcher" */ = {
			isa = XCConfigurationList;
			buildConfigurations = (
				F3A843A42B8C17C20068AC2A /* Debug configuration for PBXNativeTarget "Utilitius Launcher" */,
				F3A843A52B8C17C20068AC2A /* Release configuration for PBXNativeTarget "Utilitius Launcher" */,
			);
			defaultConfigurationName = Release;
		};
		F3CAAB962A60B9F7000B2495 /* Build configuration list for PBXProject "Utilitius" */ = {
			isa = XCConfigurationList;
			buildConfigurations = (
				F3CAABC12A60B9FA000B2495 /* Debug configuration for PBXProject "Utilitius" */,
				F3CAABC22A60B9FA000B2495 /* Release configuration for PBXProject "Utilitius" */,
			);
			defaultConfigurationName = Release;
		};
		F3CAABC32A60B9FA000B2495 /* Build configuration list for PBXNativeTarget "Utilitius" */ = {
			isa = XCConfigurationList;
			buildConfigurations = (
				F3CAABC42A60B9FA000B2495 /* Debug configuration for PBXNativeTarget "Utilitius" */,
				F3CAABC52A60B9FA000B2495 /* Release configuration for PBXNativeTarget "Utilitius" */,
			);
			defaultConfigurationName = Release;
		};
		F3CAABC62A60B9FA000B2495 /* Build configuration list for PBXNativeTarget "UtilitiusTests" */ = {
			isa = XCConfigurationList;
			buildConfigurations = (
				F3CAABC72A60B9FA000B2495 /* Debug configuration for PBXNativeTarget "UtilitiusTests" */,
				F3CAABC82A60B9FA000B2495 /* Release configuration for PBXNativeTarget "UtilitiusTests" */,
			);
			defaultConfigurationName = Release;
		};
		F3CAABC92A60B9FA000B2495 /* Build configuration list for PBXNativeTarget "UtilitiusUITests" */ = {
			isa = XCConfigurationList;
			buildConfigurations = (
				F3CAABCA2A60B9FA000B2495 /* Debug configuration for PBXNativeTarget "UtilitiusUITests" */,
				F3CAABCB2A60B9FA000B2495 /* Release configuration for PBXNativeTarget "UtilitiusUITests" */,
			);
			defaultConfigurationName = Release;
		};
/* End XCConfigurationList section */

/* Begin XCRemoteSwiftPackageReference section */
		F34D5BB22ADC4C8700EA8EA9 /* XCRemoteSwiftPackageReference "ScrechKit" */ = {
			isa = XCRemoteSwiftPackageReference;
			repositoryURL = "https://github.com/TopScrech/ScrechKit";
			requirement = {
				branch = main;
				kind = branch;
			};
		};
		F39504F12AC0B21400B50018 /* XCRemoteSwiftPackageReference "YouTubeKit" */ = {
			isa = XCRemoteSwiftPackageReference;
			repositoryURL = "https://github.com/alexeichhorn/YouTubeKit.git";
			requirement = {
				kind = upToNextMajorVersion;
				minimumVersion = 0.1.9;
			};
		};
		F3A1F4432AD83D9200C85355 /* XCRemoteSwiftPackageReference "SafariCover" */ = {
			isa = XCRemoteSwiftPackageReference;
			repositoryURL = "https://github.com/TopScrech/SafariCover";
			requirement = {
				branch = main;
				kind = branch;
			};
		};
		F3A43DAF2AE3B64F0072F7FA /* XCRemoteSwiftPackageReference "AlertKit" */ = {
			isa = XCRemoteSwiftPackageReference;
			repositoryURL = "https://github.com/sparrowcode/AlertKit";
			requirement = {
				kind = upToNextMajorVersion;
				minimumVersion = 5.1.4;
			};
		};
		F3B00C002A96BA0700C20843 /* XCRemoteSwiftPackageReference "SwiftSoup" */ = {
			isa = XCRemoteSwiftPackageReference;
			repositoryURL = "https://github.com/scinfu/SwiftSoup.git";
			requirement = {
				kind = upToNextMajorVersion;
				minimumVersion = 2.6.1;
			};
		};
		F3CAAC052A60BD07000B2495 /* XCRemoteSwiftPackageReference "MailCover" */ = {
			isa = XCRemoteSwiftPackageReference;
			repositoryURL = "https://github.com/TopScrech/MailCover";
			requirement = {
				branch = main;
				kind = branch;
			};
		};
		F3E1BDEE2AEAC5C600E78037 /* XCRemoteSwiftPackageReference "SwiftOTP" */ = {
			isa = XCRemoteSwiftPackageReference;
			repositoryURL = "https://github.com/lachlanbell/SwiftOTP";
			requirement = {
				kind = upToNextMajorVersion;
				minimumVersion = 3.0.1;
			};
		};
/* End XCRemoteSwiftPackageReference section */

/* Begin XCSwiftPackageProductDependency section */
		F30AD1CB2ADEFC300080E879 /* ScrechKit */ = {
			isa = XCSwiftPackageProductDependency;
			package = F34D5BB22ADC4C8700EA8EA9 /* XCRemoteSwiftPackageReference "ScrechKit" */;
			productName = ScrechKit;
		};
		F30F208C2B6D076900D95589 /* RealityKitContent */ = {
			isa = XCSwiftPackageProductDependency;
			productName = RealityKitContent;
		};
		F34D5BB32ADC4C8700EA8EA9 /* ScrechKit */ = {
			isa = XCSwiftPackageProductDependency;
			package = F34D5BB22ADC4C8700EA8EA9 /* XCRemoteSwiftPackageReference "ScrechKit" */;
			productName = ScrechKit;
		};
		F39504F22AC0B21400B50018 /* YouTubeKit */ = {
			isa = XCSwiftPackageProductDependency;
			package = F39504F12AC0B21400B50018 /* XCRemoteSwiftPackageReference "YouTubeKit" */;
			productName = YouTubeKit;
		};
		F39FF5872AE4819C00D77D98 /* SwiftOTP */ = {
			isa = XCSwiftPackageProductDependency;
			productName = SwiftOTP;
		};
		F3A1F4442AD83D9200C85355 /* SafariCover */ = {
			isa = XCSwiftPackageProductDependency;
			package = F3A1F4432AD83D9200C85355 /* XCRemoteSwiftPackageReference "SafariCover" */;
			productName = SafariCover;
		};
		F3A43DB02AE3B64F0072F7FA /* AlertKit */ = {
			isa = XCSwiftPackageProductDependency;
			package = F3A43DAF2AE3B64F0072F7FA /* XCRemoteSwiftPackageReference "AlertKit" */;
			productName = AlertKit;
		};
		F3A843912B8C14C90068AC2A /* ScrechKit */ = {
			isa = XCSwiftPackageProductDependency;
			package = F34D5BB22ADC4C8700EA8EA9 /* XCRemoteSwiftPackageReference "ScrechKit" */;
			productName = ScrechKit;
		};
		F3B00C012A96BA0700C20843 /* SwiftSoup */ = {
			isa = XCSwiftPackageProductDependency;
			package = F3B00C002A96BA0700C20843 /* XCRemoteSwiftPackageReference "SwiftSoup" */;
			productName = SwiftSoup;
		};
		F3CAAC062A60BD07000B2495 /* MailCover */ = {
			isa = XCSwiftPackageProductDependency;
			package = F3CAAC052A60BD07000B2495 /* XCRemoteSwiftPackageReference "MailCover" */;
			productName = MailCover;
		};
		F3E1BDEF2AEAC5C600E78037 /* SwiftOTP */ = {
			isa = XCSwiftPackageProductDependency;
			package = F3E1BDEE2AEAC5C600E78037 /* XCRemoteSwiftPackageReference "SwiftOTP" */;
			productName = SwiftOTP;
		};
		F3E1BDF12AEAC81200E78037 /* ScrechKit */ = {
			isa = XCSwiftPackageProductDependency;
			package = F34D5BB22ADC4C8700EA8EA9 /* XCRemoteSwiftPackageReference "ScrechKit" */;
			productName = ScrechKit;
		};
/* End XCSwiftPackageProductDependency section */
	};
	rootObject = F3CAAB932A60B9F7000B2495 /* Project object */;
}
