{
  "pins" : [
    {
      "identity" : "alertkit",
      "kind" : "remoteSourceControl",
      "location" : "https://github.com/sparrowcode/AlertKit",
      "state" : {
        "revision" : "3d35de60ad26aab58395ebecdd63b533546862ed",
        "version" : "5.1.8"
      }
    },
    {
      "identity" : "mailcover",
      "kind" : "remoteSourceControl",
      "location" : "https://github.com/TopScrech/MailCover",
      "state" : {
        "branch" : "main",
        "revision" : "29f4e2a45338335e393ef671b185def38f4c9b9f"
      }
    },
    {
      "identity" : "quicklooking",
      "kind" : "remoteSourceControl",
      "location" : "https://github.com/TopScrech/QuickLooking",
      "state" : {
        "branch" : "main",
        "revision" : "fb6ca05b383cb69efc31831892f21c5d642dceaf"
      }
    },
    {
      "identity" : "safaricover",
      "kind" : "remoteSourceControl",
      "location" : "https://github.com/TopScrech/SafariCover",
      "state" : {
        "branch" : "main",
        "revision" : "0a5cf4d1a91e5151608bdba892d64ae9c501b37f"
      }
    },
    {
      "identity" : "screchkit",
      "kind" : "remoteSourceControl",
      "location" : "https://github.com/TopScrech/ScrechKit",
      "state" : {
        "branch" : "main",
        "revision" : "e0212525cf9d72ea2ae6b8631e6ea070348f010a"
      }
    },
    {
      "identity" : "swift-crypto",
      "kind" : "remoteSourceControl",
      "location" : "https://github.com/apple/swift-crypto.git",
      "state" : {
        "revision" : "cc76b894169a3c86b71bac10c78a4db6beb7a9ad",
        "version" : "3.2.0"
      }
    },
    {
      "identity" : "swiftotp",
      "kind" : "remoteSourceControl",
      "location" : "https://github.com/lachlanbell/SwiftOTP",
      "state" : {
        "revision" : "9660551ea3df153c3cbacfa34ac3abbec73a8b84",
        "version" : "3.0.2"
      }
    },
    {
      "identity" : "swiftsoup",
      "kind" : "remoteSourceControl",
      "location" : "https://github.com/scinfu/SwiftSoup.git",
      "state" : {
        "revision" : "1d39e56d364cba79ce43b341f9661b534cccb18d",
        "version" : "2.7.1"
      }
    },
    {
      "identity" : "youtubekit",
      "kind" : "remoteSourceControl",
      "location" : "https://github.com/alexeichhorn/YouTubeKit.git",
      "state" : {
        "revision" : "f67f4c3dd53b85a5ce94d16a246613d4dd7faa32",
        "version" : "0.2.0"
      }
    }
  ],
  "version" : 2
}
