{
  "pins" : [
    {
      "identity" : "alertkit",
      "kind" : "remoteSourceControl",
      "location" : "https://github.com/sparrowcode/AlertKit",
      "state" : {
        "revision" : "3b73be8db5a7e7efaf474c6ed919f5a437d843c9",
        "version" : "5.1.9"
      }
    },
    {
      "identity" : "lrucache",
      "kind" : "remoteSourceControl",
      "location" : "https://github.com/nicklockwood/LRUCache.git",
      "state" : {
        "revision" : "f0570e943ea4445d258113ba73f50cb2b7e564ac",
        "version" : "1.3.0"
      }
    },
    {
      "identity" : "mailcover",
      "kind" : "remoteSourceControl",
      "location" : "https://github.com/TopScrech/MailCover",
      "state" : {
        "revision" : "3c4d0451afd466da6919c4c08b7bc93c1045f124",
        "version" : "1.1.2"
      }
    },
    {
      "identity" : "safaricover",
      "kind" : "remoteSourceControl",
      "location" : "https://github.com/TopScrech/SafariCover",
      "state" : {
        "revision" : "ad8731c4a67d9c7c4678bd6d3663fbefa9bc9240",
        "version" : "1.3.2"
      }
    },
    {
      "identity" : "screchkit",
      "kind" : "remoteSourceControl",
      "location" : "https://github.com/TopScrech/ScrechKit",
      "state" : {
        "revision" : "40f089e897c48986d101a5630c1597241b40c6c5",
        "version" : "1.0.9"
      }
    },
    {
      "identity" : "swift-asn1",
      "kind" : "remoteSourceControl",
      "location" : "https://github.com/apple/swift-asn1.git",
      "state" : {
        "revision" : "3b6410f7dee09eb33cdd26260c5fd47fda19b0e2",
        "version" : "1.7.3"
      }
    },
    {
      "identity" : "swift-atomics",
      "kind" : "remoteSourceControl",
      "location" : "https://github.com/apple/swift-atomics.git",
      "state" : {
        "revision" : "0442cb5a3f98ab802acb777929fdb446bda11a34",
        "version" : "1.3.1"
      }
    },
    {
      "identity" : "swift-crypto",
      "kind" : "remoteSourceControl",
      "location" : "https://github.com/apple/swift-crypto.git",
      "state" : {
        "revision" : "95ba0316a9b733e92bb6b071255ff46263bbe7dc",
        "version" : "3.15.1"
      }
    },
    {
      "identity" : "swiftotp",
      "kind" : "remoteSourceControl",
      "location" : "https://github.com/lachlanbell/SwiftOTP",
      "state" : {
        "revision" : "9660551ea3df153c3cbacfa34ac3abbec73a8b84",
        "version" : "3.0.2"
      }
    },
    {
      "identity" : "swiftsoup",
      "kind" : "remoteSourceControl",
      "location" : "https://github.com/scinfu/SwiftSoup.git",
      "state" : {
        "revision" : "d86f244ed497d48012782e2f59c985a55e77b3f5",
        "version" : "2.11.3"
      }
    },
    {
      "identity" : "youtubekit",
      "kind" : "remoteSourceControl",
      "location" : "https://github.com/alexeichhorn/YouTubeKit.git",
      "state" : {
        "revision" : "0c191b005b370dcd5645dbe183e0865ce4de9b95",
        "version" : "0.4.4"
      }
    }
  ],
  "version" : 2
}
